module.organization-iam[0].google_org_policy_policy.default["storage.uniformBucketLevelAccess"]: Preparing import... [id=organizations/845016637229/policies/storage.uniformBucketLevelAccess]
module.organization-iam[0].google_org_policy_policy.default["essentialcontacts.allowedContactDomains"]: Preparing import... [id=organizations/845016637229/policies/essentialcontacts.allowedContactDomains]
module.organization-iam[0].google_org_policy_policy.default["essentialcontacts.allowedContactDomains"]: Refreshing state... [id=organizations/845016637229/policies/essentialcontacts.allowedContactDomains]
module.organization-iam[0].google_org_policy_policy.default["storage.uniformBucketLevelAccess"]: Refreshing state... [id=organizations/845016637229/policies/storage.uniformBucketLevelAccess]
module.organization-iam[0].google_org_policy_policy.default["iam.disableServiceAccountKeyCreation"]: Preparing import... [id=organizations/845016637229/policies/iam.disableServiceAccountKeyCreation]
module.organization-iam[0].google_org_policy_policy.default["iam.disableServiceAccountKeyCreation"]: Refreshing state... [id=organizations/845016637229/policies/iam.disableServiceAccountKeyCreation]
module.organization-iam[0].google_org_policy_policy.default["compute.setNewProjectDefaultToZonalDNSOnly"]: Preparing import... [id=organizations/845016637229/policies/compute.setNewProjectDefaultToZonalDNSOnly]
module.organization-iam[0].google_org_policy_policy.default["compute.setNewProjectDefaultToZonalDNSOnly"]: Refreshing state... [id=organizations/845016637229/policies/compute.setNewProjectDefaultToZonalDNSOnly]
module.organization-iam[0].google_org_policy_policy.default["iam.automaticIamGrantsForDefaultServiceAccounts"]: Preparing import... [id=organizations/845016637229/policies/iam.automaticIamGrantsForDefaultServiceAccounts]
module.organization-iam[0].google_org_policy_policy.default["iam.disableServiceAccountKeyUpload"]: Preparing import... [id=organizations/845016637229/policies/iam.disableServiceAccountKeyUpload]
module.organization-iam[0].google_org_policy_policy.default["iam.automaticIamGrantsForDefaultServiceAccounts"]: Refreshing state... [id=organizations/845016637229/policies/iam.automaticIamGrantsForDefaultServiceAccounts]
module.organization-iam[0].google_org_policy_policy.default["iam.disableServiceAccountKeyUpload"]: Refreshing state... [id=organizations/845016637229/policies/iam.disableServiceAccountKeyUpload]
module.organization-iam[0].google_org_policy_policy.default["iam.allowedPolicyMemberDomains"]: Preparing import... [id=organizations/845016637229/policies/iam.allowedPolicyMemberDomains]
module.organization-iam[0].google_org_policy_policy.default["iam.allowedPolicyMemberDomains"]: Refreshing state... [id=organizations/845016637229/policies/iam.allowedPolicyMemberDomains]
module.organization-iam[0].google_org_policy_policy.default["compute.restrictProtocolForwardingCreationForTypes"]: Preparing import... [id=organizations/845016637229/policies/compute.restrictProtocolForwardingCreationForTypes]
module.organization-iam[0].google_org_policy_policy.default["compute.restrictProtocolForwardingCreationForTypes"]: Refreshing state... [id=organizations/845016637229/policies/compute.restrictProtocolForwardingCreationForTypes]

Terraform used the selected providers to generate the following execution
plan. Resource actions are indicated with the following symbols:
  + create
 <= read (data resources)

Terraform planned the following actions, but then encountered a problem:

  # google_storage_bucket_object.providers["0-org-setup"] will be created
  + resource "google_storage_bucket_object" "providers" {
      + bucket         = "rjh01-prod-iac-core-0-iac-outputs"
      + content        = (sensitive value)
      + content_type   = (known after apply)
      + crc32c         = (known after apply)
      + generation     = (known after apply)
      + id             = (known after apply)
      + kms_key_name   = (known after apply)
      + md5hash        = (known after apply)
      + md5hexhash     = (known after apply)
      + media_link     = (known after apply)
      + name           = "providers/0-org-setup-providers.tf"
      + output_name    = (known after apply)
      + self_link      = (known after apply)
      + source_md5hash = "39e44ac4e22a4ae5902a083ff3871d1e"
      + storage_class  = (known after apply)
    }

  # google_storage_bucket_object.providers["0-org-setup-ro"] will be created
  + resource "google_storage_bucket_object" "providers" {
      + bucket         = "rjh01-prod-iac-core-0-iac-outputs"
      + content        = (sensitive value)
      + content_type   = (known after apply)
      + crc32c         = (known after apply)
      + generation     = (known after apply)
      + id             = (known after apply)
      + kms_key_name   = (known after apply)
      + md5hash        = (known after apply)
      + md5hexhash     = (known after apply)
      + media_link     = (known after apply)
      + name           = "providers/0-org-setup-ro-providers.tf"
      + output_name    = (known after apply)
      + self_link      = (known after apply)
      + source_md5hash = "10b82f1435726a2a7b34550142662d49"
      + storage_class  = (known after apply)
    }

  # google_storage_bucket_object.providers["1-vpcsc"] will be created
  + resource "google_storage_bucket_object" "providers" {
      + bucket         = "rjh01-prod-iac-core-0-iac-outputs"
      + content        = (sensitive value)
      + content_type   = (known after apply)
      + crc32c         = (known after apply)
      + generation     = (known after apply)
      + id             = (known after apply)
      + kms_key_name   = (known after apply)
      + md5hash        = (known after apply)
      + md5hexhash     = (known after apply)
      + media_link     = (known after apply)
      + name           = "providers/1-vpcsc-providers.tf"
      + output_name    = (known after apply)
      + self_link      = (known after apply)
      + source_md5hash = "fa803a8e1e3cba9a523d6248eb1dcca9"
      + storage_class  = (known after apply)
    }

  # google_storage_bucket_object.providers["1-vpcsc-ro"] will be created
  + resource "google_storage_bucket_object" "providers" {
      + bucket         = "rjh01-prod-iac-core-0-iac-outputs"
      + content        = (sensitive value)
      + content_type   = (known after apply)
      + crc32c         = (known after apply)
      + generation     = (known after apply)
      + id             = (known after apply)
      + kms_key_name   = (known after apply)
      + md5hash        = (known after apply)
      + md5hexhash     = (known after apply)
      + media_link     = (known after apply)
      + name           = "providers/1-vpcsc-ro-providers.tf"
      + output_name    = (known after apply)
      + self_link      = (known after apply)
      + source_md5hash = "e2a6e148db7a0215ad1128367bd846a7"
      + storage_class  = (known after apply)
    }

  # google_storage_bucket_object.providers["2-networking"] will be created
  + resource "google_storage_bucket_object" "providers" {
      + bucket         = "rjh01-prod-iac-core-0-iac-outputs"
      + content        = (sensitive value)
      + content_type   = (known after apply)
      + crc32c         = (known after apply)
      + generation     = (known after apply)
      + id             = (known after apply)
      + kms_key_name   = (known after apply)
      + md5hash        = (known after apply)
      + md5hexhash     = (known after apply)
      + media_link     = (known after apply)
      + name           = "providers/2-networking-providers.tf"
      + output_name    = (known after apply)
      + self_link      = (known after apply)
      + source_md5hash = "ecf5f038562839dc3c5f626ee68caa02"
      + storage_class  = (known after apply)
    }

  # google_storage_bucket_object.providers["2-networking-ro"] will be created
  + resource "google_storage_bucket_object" "providers" {
      + bucket         = "rjh01-prod-iac-core-0-iac-outputs"
      + content        = (sensitive value)
      + content_type   = (known after apply)
      + crc32c         = (known after apply)
      + generation     = (known after apply)
      + id             = (known after apply)
      + kms_key_name   = (known after apply)
      + md5hash        = (known after apply)
      + md5hexhash     = (known after apply)
      + media_link     = (known after apply)
      + name           = "providers/2-networking-ro-providers.tf"
      + output_name    = (known after apply)
      + self_link      = (known after apply)
      + source_md5hash = "a1818d0ad3d53a4eaf9d40c514cac996"
      + storage_class  = (known after apply)
    }

  # google_storage_bucket_object.providers["2-project-factory"] will be created
  + resource "google_storage_bucket_object" "providers" {
      + bucket         = "rjh01-prod-iac-core-0-iac-outputs"
      + content        = (sensitive value)
      + content_type   = (known after apply)
      + crc32c         = (known after apply)
      + generation     = (known after apply)
      + id             = (known after apply)
      + kms_key_name   = (known after apply)
      + md5hash        = (known after apply)
      + md5hexhash     = (known after apply)
      + media_link     = (known after apply)
      + name           = "providers/2-project-factory-providers.tf"
      + output_name    = (known after apply)
      + self_link      = (known after apply)
      + source_md5hash = "833a31aa6eb06c3b38f38def0af44a96"
      + storage_class  = (known after apply)
    }

  # google_storage_bucket_object.providers["2-project-factory-ro"] will be created
  + resource "google_storage_bucket_object" "providers" {
      + bucket         = "rjh01-prod-iac-core-0-iac-outputs"
      + content        = (sensitive value)
      + content_type   = (known after apply)
      + crc32c         = (known after apply)
      + generation     = (known after apply)
      + id             = (known after apply)
      + kms_key_name   = (known after apply)
      + md5hash        = (known after apply)
      + md5hexhash     = (known after apply)
      + media_link     = (known after apply)
      + name           = "providers/2-project-factory-ro-providers.tf"
      + output_name    = (known after apply)
      + self_link      = (known after apply)
      + source_md5hash = "799437bfba3945c46457a1633555147d"
      + storage_class  = (known after apply)
    }

  # google_storage_bucket_object.providers["2-security"] will be created
  + resource "google_storage_bucket_object" "providers" {
      + bucket         = "rjh01-prod-iac-core-0-iac-outputs"
      + content        = (sensitive value)
      + content_type   = (known after apply)
      + crc32c         = (known after apply)
      + generation     = (known after apply)
      + id             = (known after apply)
      + kms_key_name   = (known after apply)
      + md5hash        = (known after apply)
      + md5hexhash     = (known after apply)
      + media_link     = (known after apply)
      + name           = "providers/2-security-providers.tf"
      + output_name    = (known after apply)
      + self_link      = (known after apply)
      + source_md5hash = "834ff941272f1d363287bff1c81a29c7"
      + storage_class  = (known after apply)
    }

  # google_storage_bucket_object.providers["2-security-ro"] will be created
  + resource "google_storage_bucket_object" "providers" {
      + bucket         = "rjh01-prod-iac-core-0-iac-outputs"
      + content        = (sensitive value)
      + content_type   = (known after apply)
      + crc32c         = (known after apply)
      + generation     = (known after apply)
      + id             = (known after apply)
      + kms_key_name   = (known after apply)
      + md5hash        = (known after apply)
      + md5hexhash     = (known after apply)
      + media_link     = (known after apply)
      + name           = "providers/2-security-ro-providers.tf"
      + output_name    = (known after apply)
      + self_link      = (known after apply)
      + source_md5hash = "03fef6b2b87d29dd5644ba76c8571fbe"
      + storage_class  = (known after apply)
    }

  # google_storage_bucket_object.providers["3-data-platform-dev"] will be created
  + resource "google_storage_bucket_object" "providers" {
      + bucket         = "rjh01-prod-iac-core-0-iac-outputs"
      + content        = (sensitive value)
      + content_type   = (known after apply)
      + crc32c         = (known after apply)
      + generation     = (known after apply)
      + id             = (known after apply)
      + kms_key_name   = (known after apply)
      + md5hash        = (known after apply)
      + md5hexhash     = (known after apply)
      + media_link     = (known after apply)
      + name           = "providers/3-data-platform-dev-providers.tf"
      + output_name    = (known after apply)
      + self_link      = (known after apply)
      + source_md5hash = "f0d1869edc319138e4e586b3a361d7fb"
      + storage_class  = (known after apply)
    }

  # google_storage_bucket_object.providers["3-data-platform-dev-ro"] will be created
  + resource "google_storage_bucket_object" "providers" {
      + bucket         = "rjh01-prod-iac-core-0-iac-outputs"
      + content        = (sensitive value)
      + content_type   = (known after apply)
      + crc32c         = (known after apply)
      + generation     = (known after apply)
      + id             = (known after apply)
      + kms_key_name   = (known after apply)
      + md5hash        = (known after apply)
      + md5hexhash     = (known after apply)
      + media_link     = (known after apply)
      + name           = "providers/3-data-platform-dev-ro-providers.tf"
      + output_name    = (known after apply)
      + self_link      = (known after apply)
      + source_md5hash = "bf7208a3e710d7f0087f8f4fb77f42ed"
      + storage_class  = (known after apply)
    }

  # google_storage_bucket_object.tfvars["globals"] will be created
  + resource "google_storage_bucket_object" "tfvars" {
      + bucket         = "rjh01-prod-iac-core-0-iac-outputs"
      + content        = (sensitive value)
      + content_type   = (known after apply)
      + crc32c         = (known after apply)
      + generation     = (known after apply)
      + id             = (known after apply)
      + kms_key_name   = (known after apply)
      + md5hash        = (known after apply)
      + md5hexhash     = (known after apply)
      + media_link     = (known after apply)
      + name           = "tfvars/0-globals.auto.tfvars.json"
      + output_name    = (known after apply)
      + self_link      = (known after apply)
      + source_md5hash = "a8e6b61ab84b2c52f0327d24942e7bdb"
      + storage_class  = (known after apply)
    }

  # google_storage_bucket_object.tfvars["org-setup"] will be created
  + resource "google_storage_bucket_object" "tfvars" {
      + bucket         = "rjh01-prod-iac-core-0-iac-outputs"
      + content        = (sensitive value)
      + content_type   = (known after apply)
      + crc32c         = (known after apply)
      + generation     = (known after apply)
      + id             = (known after apply)
      + kms_key_name   = (known after apply)
      + md5hash        = (known after apply)
      + md5hexhash     = (known after apply)
      + media_link     = (known after apply)
      + name           = "tfvars/0-org-setup.auto.tfvars.json"
      + output_name    = (known after apply)
      + self_link      = (known after apply)
      + source_md5hash = (known after apply)
      + storage_class  = (known after apply)
    }

  # google_storage_bucket_object.version[0] will be created
  + resource "google_storage_bucket_object" "version" {
      + bucket         = "rjh01-prod-iac-core-0-iac-outputs"
      + content        = (sensitive value)
      + content_type   = (known after apply)
      + crc32c         = (known after apply)
      + generation     = (known after apply)
      + id             = (known after apply)
      + kms_key_name   = (known after apply)
      + md5hash        = (known after apply)
      + md5hexhash     = (known after apply)
      + media_link     = (known after apply)
      + name           = "versions/0-org-setup-version.txt"
      + output_name    = (known after apply)
      + self_link      = (known after apply)
      + source         = "fast_version.txt"
      + source_md5hash = "6dc515d060c4fb20ee85720593d25e17"
      + storage_class  = (known after apply)
    }

  # local_file.providers["0-org-setup"] will be created
  + resource "local_file" "providers" {
      + content              = <<-EOT
            /**
             * Copyright 2022 Google LLC
             *
             * Licensed under the Apache License, Version 2.0 (the "License");
             * you may not use this file except in compliance with the License.
             * You may obtain a copy of the License at
             *
             *      http://www.apache.org/licenses/LICENSE-2.0
             *
             * Unless required by applicable law or agreed to in writing, software
             * distributed under the License is distributed on an "AS IS" BASIS,
             * WITHOUT WARRANTIES OR CONDITIONS OF ANY KIND, either express or implied.
             * See the License for the specific language governing permissions and
             * limitations under the License.
             */
            
            terraform {
              backend "gcs" {
                bucket                      = "rjh01-prod-iac-core-0-iac-org-state"
                impersonate_service_account = "iac-org-rw@rjh01-prod-iac-core-0.iam.gserviceaccount.com"
              }
            }
            provider "google" {
              impersonate_service_account = "iac-org-rw@rjh01-prod-iac-core-0.iam.gserviceaccount.com"
            }
            provider "google-beta" {
              impersonate_service_account = "iac-org-rw@rjh01-prod-iac-core-0.iam.gserviceaccount.com"
            }
        EOT
      + content_base64sha256 = (known after apply)
      + content_base64sha512 = (known after apply)
      + content_md5          = (known after apply)
      + content_sha1         = (known after apply)
      + content_sha256       = (known after apply)
      + content_sha512       = (known after apply)
      + directory_permission = "0777"
      + file_permission      = "0644"
      + filename             = "C:\\Users\\Richard\\fast-config\\fast-01/providers/0-org-setup-providers.tf"
      + id                   = (known after apply)
    }

  # local_file.providers["0-org-setup-ro"] will be created
  + resource "local_file" "providers" {
      + content              = <<-EOT
            /**
             * Copyright 2022 Google LLC
             *
             * Licensed under the Apache License, Version 2.0 (the "License");
             * you may not use this file except in compliance with the License.
             * You may obtain a copy of the License at
             *
             *      http://www.apache.org/licenses/LICENSE-2.0
             *
             * Unless required by applicable law or agreed to in writing, software
             * distributed under the License is distributed on an "AS IS" BASIS,
             * WITHOUT WARRANTIES OR CONDITIONS OF ANY KIND, either express or implied.
             * See the License for the specific language governing permissions and
             * limitations under the License.
             */
            
            terraform {
              backend "gcs" {
                bucket                      = "rjh01-prod-iac-core-0-iac-org-state"
                impersonate_service_account = "iac-org-ro@rjh01-prod-iac-core-0.iam.gserviceaccount.com"
              }
            }
            provider "google" {
              impersonate_service_account = "iac-org-ro@rjh01-prod-iac-core-0.iam.gserviceaccount.com"
            }
            provider "google-beta" {
              impersonate_service_account = "iac-org-ro@rjh01-prod-iac-core-0.iam.gserviceaccount.com"
            }
        EOT
      + content_base64sha256 = (known after apply)
      + content_base64sha512 = (known after apply)
      + content_md5          = (known after apply)
      + content_sha1         = (known after apply)
      + content_sha256       = (known after apply)
      + content_sha512       = (known after apply)
      + directory_permission = "0777"
      + file_permission      = "0644"
      + filename             = "C:\\Users\\Richard\\fast-config\\fast-01/providers/0-org-setup-ro-providers.tf"
      + id                   = (known after apply)
    }

  # local_file.providers["1-vpcsc"] will be created
  + resource "local_file" "providers" {
      + content              = <<-EOT
            /**
             * Copyright 2022 Google LLC
             *
             * Licensed under the Apache License, Version 2.0 (the "License");
             * you may not use this file except in compliance with the License.
             * You may obtain a copy of the License at
             *
             *      http://www.apache.org/licenses/LICENSE-2.0
             *
             * Unless required by applicable law or agreed to in writing, software
             * distributed under the License is distributed on an "AS IS" BASIS,
             * WITHOUT WARRANTIES OR CONDITIONS OF ANY KIND, either express or implied.
             * See the License for the specific language governing permissions and
             * limitations under the License.
             */
            
            terraform {
              backend "gcs" {
                bucket                      = "rjh01-prod-iac-core-0-iac-stage-state"
                impersonate_service_account = "iac-vpcsc-rw@rjh01-prod-iac-core-0.iam.gserviceaccount.com"
                prefix = "1-vpcsc"
              }
            }
            provider "google" {
              impersonate_service_account = "iac-vpcsc-rw@rjh01-prod-iac-core-0.iam.gserviceaccount.com"
            }
            provider "google-beta" {
              impersonate_service_account = "iac-vpcsc-rw@rjh01-prod-iac-core-0.iam.gserviceaccount.com"
            }
        EOT
      + content_base64sha256 = (known after apply)
      + content_base64sha512 = (known after apply)
      + content_md5          = (known after apply)
      + content_sha1         = (known after apply)
      + content_sha256       = (known after apply)
      + content_sha512       = (known after apply)
      + directory_permission = "0777"
      + file_permission      = "0644"
      + filename             = "C:\\Users\\Richard\\fast-config\\fast-01/providers/1-vpcsc-providers.tf"
      + id                   = (known after apply)
    }

  # local_file.providers["1-vpcsc-ro"] will be created
  + resource "local_file" "providers" {
      + content              = <<-EOT
            /**
             * Copyright 2022 Google LLC
             *
             * Licensed under the Apache License, Version 2.0 (the "License");
             * you may not use this file except in compliance with the License.
             * You may obtain a copy of the License at
             *
             *      http://www.apache.org/licenses/LICENSE-2.0
             *
             * Unless required by applicable law or agreed to in writing, software
             * distributed under the License is distributed on an "AS IS" BASIS,
             * WITHOUT WARRANTIES OR CONDITIONS OF ANY KIND, either express or implied.
             * See the License for the specific language governing permissions and
             * limitations under the License.
             */
            
            terraform {
              backend "gcs" {
                bucket                      = "rjh01-prod-iac-core-0-iac-stage-state"
                impersonate_service_account = "iac-vpcsc-ro@rjh01-prod-iac-core-0.iam.gserviceaccount.com"
                prefix = "1-vpcsc"
              }
            }
            provider "google" {
              impersonate_service_account = "iac-vpcsc-ro@rjh01-prod-iac-core-0.iam.gserviceaccount.com"
            }
            provider "google-beta" {
              impersonate_service_account = "iac-vpcsc-ro@rjh01-prod-iac-core-0.iam.gserviceaccount.com"
            }
        EOT
      + content_base64sha256 = (known after apply)
      + content_base64sha512 = (known after apply)
      + content_md5          = (known after apply)
      + content_sha1         = (known after apply)
      + content_sha256       = (known after apply)
      + content_sha512       = (known after apply)
      + directory_permission = "0777"
      + file_permission      = "0644"
      + filename             = "C:\\Users\\Richard\\fast-config\\fast-01/providers/1-vpcsc-ro-providers.tf"
      + id                   = (known after apply)
    }

  # local_file.providers["2-networking"] will be created
  + resource "local_file" "providers" {
      + content              = <<-EOT
            /**
             * Copyright 2022 Google LLC
             *
             * Licensed under the Apache License, Version 2.0 (the "License");
             * you may not use this file except in compliance with the License.
             * You may obtain a copy of the License at
             *
             *      http://www.apache.org/licenses/LICENSE-2.0
             *
             * Unless required by applicable law or agreed to in writing, software
             * distributed under the License is distributed on an "AS IS" BASIS,
             * WITHOUT WARRANTIES OR CONDITIONS OF ANY KIND, either express or implied.
             * See the License for the specific language governing permissions and
             * limitations under the License.
             */
            
            terraform {
              backend "gcs" {
                bucket                      = "rjh01-prod-iac-core-0-iac-stage-state"
                impersonate_service_account = "iac-networking-rw@rjh01-prod-iac-core-0.iam.gserviceaccount.com"
                prefix = "2-networking"
              }
            }
            provider "google" {
              impersonate_service_account = "iac-networking-rw@rjh01-prod-iac-core-0.iam.gserviceaccount.com"
            }
            provider "google-beta" {
              impersonate_service_account = "iac-networking-rw@rjh01-prod-iac-core-0.iam.gserviceaccount.com"
            }
        EOT
      + content_base64sha256 = (known after apply)
      + content_base64sha512 = (known after apply)
      + content_md5          = (known after apply)
      + content_sha1         = (known after apply)
      + content_sha256       = (known after apply)
      + content_sha512       = (known after apply)
      + directory_permission = "0777"
      + file_permission      = "0644"
      + filename             = "C:\\Users\\Richard\\fast-config\\fast-01/providers/2-networking-providers.tf"
      + id                   = (known after apply)
    }

  # local_file.providers["2-networking-ro"] will be created
  + resource "local_file" "providers" {
      + content              = <<-EOT
            /**
             * Copyright 2022 Google LLC
             *
             * Licensed under the Apache License, Version 2.0 (the "License");
             * you may not use this file except in compliance with the License.
             * You may obtain a copy of the License at
             *
             *      http://www.apache.org/licenses/LICENSE-2.0
             *
             * Unless required by applicable law or agreed to in writing, software
             * distributed under the License is distributed on an "AS IS" BASIS,
             * WITHOUT WARRANTIES OR CONDITIONS OF ANY KIND, either express or implied.
             * See the License for the specific language governing permissions and
             * limitations under the License.
             */
            
            terraform {
              backend "gcs" {
                bucket                      = "rjh01-prod-iac-core-0-iac-stage-state"
                impersonate_service_account = "iac-networking-ro@rjh01-prod-iac-core-0.iam.gserviceaccount.com"
                prefix = "2-networking"
              }
            }
            provider "google" {
              impersonate_service_account = "iac-networking-ro@rjh01-prod-iac-core-0.iam.gserviceaccount.com"
            }
            provider "google-beta" {
              impersonate_service_account = "iac-networking-ro@rjh01-prod-iac-core-0.iam.gserviceaccount.com"
            }
        EOT
      + content_base64sha256 = (known after apply)
      + content_base64sha512 = (known after apply)
      + content_md5          = (known after apply)
      + content_sha1         = (known after apply)
      + content_sha256       = (known after apply)
      + content_sha512       = (known after apply)
      + directory_permission = "0777"
      + file_permission      = "0644"
      + filename             = "C:\\Users\\Richard\\fast-config\\fast-01/providers/2-networking-ro-providers.tf"
      + id                   = (known after apply)
    }

  # local_file.providers["2-project-factory"] will be created
  + resource "local_file" "providers" {
      + content              = <<-EOT
            /**
             * Copyright 2022 Google LLC
             *
             * Licensed under the Apache License, Version 2.0 (the "License");
             * you may not use this file except in compliance with the License.
             * You may obtain a copy of the License at
             *
             *      http://www.apache.org/licenses/LICENSE-2.0
             *
             * Unless required by applicable law or agreed to in writing, software
             * distributed under the License is distributed on an "AS IS" BASIS,
             * WITHOUT WARRANTIES OR CONDITIONS OF ANY KIND, either express or implied.
             * See the License for the specific language governing permissions and
             * limitations under the License.
             */
            
            terraform {
              backend "gcs" {
                bucket                      = "rjh01-prod-iac-core-0-iac-stage-state"
                impersonate_service_account = "iac-pf-rw@rjh01-prod-iac-core-0.iam.gserviceaccount.com"
                prefix = "2-project-factory"
              }
            }
            provider "google" {
              impersonate_service_account = "iac-pf-rw@rjh01-prod-iac-core-0.iam.gserviceaccount.com"
            }
            provider "google-beta" {
              impersonate_service_account = "iac-pf-rw@rjh01-prod-iac-core-0.iam.gserviceaccount.com"
            }
        EOT
      + content_base64sha256 = (known after apply)
      + content_base64sha512 = (known after apply)
      + content_md5          = (known after apply)
      + content_sha1         = (known after apply)
      + content_sha256       = (known after apply)
      + content_sha512       = (known after apply)
      + directory_permission = "0777"
      + file_permission      = "0644"
      + filename             = "C:\\Users\\Richard\\fast-config\\fast-01/providers/2-project-factory-providers.tf"
      + id                   = (known after apply)
    }

  # local_file.providers["2-project-factory-ro"] will be created
  + resource "local_file" "providers" {
      + content              = <<-EOT
            /**
             * Copyright 2022 Google LLC
             *
             * Licensed under the Apache License, Version 2.0 (the "License");
             * you may not use this file except in compliance with the License.
             * You may obtain a copy of the License at
             *
             *      http://www.apache.org/licenses/LICENSE-2.0
             *
             * Unless required by applicable law or agreed to in writing, software
             * distributed under the License is distributed on an "AS IS" BASIS,
             * WITHOUT WARRANTIES OR CONDITIONS OF ANY KIND, either express or implied.
             * See the License for the specific language governing permissions and
             * limitations under the License.
             */
            
            terraform {
              backend "gcs" {
                bucket                      = "rjh01-prod-iac-core-0-iac-stage-state"
                impersonate_service_account = "iac-pf-ro@rjh01-prod-iac-core-0.iam.gserviceaccount.com"
                prefix = "2-project-factory"
              }
            }
            provider "google" {
              impersonate_service_account = "iac-pf-ro@rjh01-prod-iac-core-0.iam.gserviceaccount.com"
            }
            provider "google-beta" {
              impersonate_service_account = "iac-pf-ro@rjh01-prod-iac-core-0.iam.gserviceaccount.com"
            }
        EOT
      + content_base64sha256 = (known after apply)
      + content_base64sha512 = (known after apply)
      + content_md5          = (known after apply)
      + content_sha1         = (known after apply)
      + content_sha256       = (known after apply)
      + content_sha512       = (known after apply)
      + directory_permission = "0777"
      + file_permission      = "0644"
      + filename             = "C:\\Users\\Richard\\fast-config\\fast-01/providers/2-project-factory-ro-providers.tf"
      + id                   = (known after apply)
    }

  # local_file.providers["2-security"] will be created
  + resource "local_file" "providers" {
      + content              = <<-EOT
            /**
             * Copyright 2022 Google LLC
             *
             * Licensed under the Apache License, Version 2.0 (the "License");
             * you may not use this file except in compliance with the License.
             * You may obtain a copy of the License at
             *
             *      http://www.apache.org/licenses/LICENSE-2.0
             *
             * Unless required by applicable law or agreed to in writing, software
             * distributed under the License is distributed on an "AS IS" BASIS,
             * WITHOUT WARRANTIES OR CONDITIONS OF ANY KIND, either express or implied.
             * See the License for the specific language governing permissions and
             * limitations under the License.
             */
            
            terraform {
              backend "gcs" {
                bucket                      = "rjh01-prod-iac-core-0-iac-stage-state"
                impersonate_service_account = "iac-security-rw@rjh01-prod-iac-core-0.iam.gserviceaccount.com"
                prefix = "2-security"
              }
            }
            provider "google" {
              impersonate_service_account = "iac-security-rw@rjh01-prod-iac-core-0.iam.gserviceaccount.com"
            }
            provider "google-beta" {
              impersonate_service_account = "iac-security-rw@rjh01-prod-iac-core-0.iam.gserviceaccount.com"
            }
        EOT
      + content_base64sha256 = (known after apply)
      + content_base64sha512 = (known after apply)
      + content_md5          = (known after apply)
      + content_sha1         = (known after apply)
      + content_sha256       = (known after apply)
      + content_sha512       = (known after apply)
      + directory_permission = "0777"
      + file_permission      = "0644"
      + filename             = "C:\\Users\\Richard\\fast-config\\fast-01/providers/2-security-providers.tf"
      + id                   = (known after apply)
    }

  # local_file.providers["2-security-ro"] will be created
  + resource "local_file" "providers" {
      + content              = <<-EOT
            /**
             * Copyright 2022 Google LLC
             *
             * Licensed under the Apache License, Version 2.0 (the "License");
             * you may not use this file except in compliance with the License.
             * You may obtain a copy of the License at
             *
             *      http://www.apache.org/licenses/LICENSE-2.0
             *
             * Unless required by applicable law or agreed to in writing, software
             * distributed under the License is distributed on an "AS IS" BASIS,
             * WITHOUT WARRANTIES OR CONDITIONS OF ANY KIND, either express or implied.
             * See the License for the specific language governing permissions and
             * limitations under the License.
             */
            
            terraform {
              backend "gcs" {
                bucket                      = "rjh01-prod-iac-core-0-iac-stage-state"
                impersonate_service_account = "iac-security-ro@rjh01-prod-iac-core-0.iam.gserviceaccount.com"
                prefix = "2-security"
              }
            }
            provider "google" {
              impersonate_service_account = "iac-security-ro@rjh01-prod-iac-core-0.iam.gserviceaccount.com"
            }
            provider "google-beta" {
              impersonate_service_account = "iac-security-ro@rjh01-prod-iac-core-0.iam.gserviceaccount.com"
            }
        EOT
      + content_base64sha256 = (known after apply)
      + content_base64sha512 = (known after apply)
      + content_md5          = (known after apply)
      + content_sha1         = (known after apply)
      + content_sha256       = (known after apply)
      + content_sha512       = (known after apply)
      + directory_permission = "0777"
      + file_permission      = "0644"
      + filename             = "C:\\Users\\Richard\\fast-config\\fast-01/providers/2-security-ro-providers.tf"
      + id                   = (known after apply)
    }

  # local_file.providers["3-data-platform-dev"] will be created
  + resource "local_file" "providers" {
      + content              = <<-EOT
            /**
             * Copyright 2022 Google LLC
             *
             * Licensed under the Apache License, Version 2.0 (the "License");
             * you may not use this file except in compliance with the License.
             * You may obtain a copy of the License at
             *
             *      http://www.apache.org/licenses/LICENSE-2.0
             *
             * Unless required by applicable law or agreed to in writing, software
             * distributed under the License is distributed on an "AS IS" BASIS,
             * WITHOUT WARRANTIES OR CONDITIONS OF ANY KIND, either express or implied.
             * See the License for the specific language governing permissions and
             * limitations under the License.
             */
            
            terraform {
              backend "gcs" {
                bucket                      = "rjh01-prod-iac-core-0-iac-stage-state"
                impersonate_service_account = "iac-dp-dev-rw@rjh01-prod-iac-core-0.iam.gserviceaccount.com"
                prefix = "3-data-platform-dev"
              }
            }
            provider "google" {
              impersonate_service_account = "iac-dp-dev-rw@rjh01-prod-iac-core-0.iam.gserviceaccount.com"
            }
            provider "google-beta" {
              impersonate_service_account = "iac-dp-dev-rw@rjh01-prod-iac-core-0.iam.gserviceaccount.com"
            }
        EOT
      + content_base64sha256 = (known after apply)
      + content_base64sha512 = (known after apply)
      + content_md5          = (known after apply)
      + content_sha1         = (known after apply)
      + content_sha256       = (known after apply)
      + content_sha512       = (known after apply)
      + directory_permission = "0777"
      + file_permission      = "0644"
      + filename             = "C:\\Users\\Richard\\fast-config\\fast-01/providers/3-data-platform-dev-providers.tf"
      + id                   = (known after apply)
    }

  # local_file.providers["3-data-platform-dev-ro"] will be created
  + resource "local_file" "providers" {
      + content              = <<-EOT
            /**
             * Copyright 2022 Google LLC
             *
             * Licensed under the Apache License, Version 2.0 (the "License");
             * you may not use this file except in compliance with the License.
             * You may obtain a copy of the License at
             *
             *      http://www.apache.org/licenses/LICENSE-2.0
             *
             * Unless required by applicable law or agreed to in writing, software
             * distributed under the License is distributed on an "AS IS" BASIS,
             * WITHOUT WARRANTIES OR CONDITIONS OF ANY KIND, either express or implied.
             * See the License for the specific language governing permissions and
             * limitations under the License.
             */
            
            terraform {
              backend "gcs" {
                bucket                      = "rjh01-prod-iac-core-0-iac-stage-state"
                impersonate_service_account = "iac-dp-dev-ro@rjh01-prod-iac-core-0.iam.gserviceaccount.com"
                prefix = "3-data-platform-dev"
              }
            }
            provider "google" {
              impersonate_service_account = "iac-dp-dev-ro@rjh01-prod-iac-core-0.iam.gserviceaccount.com"
            }
            provider "google-beta" {
              impersonate_service_account = "iac-dp-dev-ro@rjh01-prod-iac-core-0.iam.gserviceaccount.com"
            }
        EOT
      + content_base64sha256 = (known after apply)
      + content_base64sha512 = (known after apply)
      + content_md5          = (known after apply)
      + content_sha1         = (known after apply)
      + content_sha256       = (known after apply)
      + content_sha512       = (known after apply)
      + directory_permission = "0777"
      + file_permission      = "0644"
      + filename             = "C:\\Users\\Richard\\fast-config\\fast-01/providers/3-data-platform-dev-ro-providers.tf"
      + id                   = (known after apply)
    }

  # local_file.tfvars["globals"] will be created
  + resource "local_file" "tfvars" {
      + content              = jsonencode(
            {
              + billing_account = {
                  + id = "01A7DC-5ED07C-6DF697"
                }
              + groups          = {
                  + domain                  = "domain:mariannhart.co.uk"
                  + gcp-billing-admins      = "group:gcp-billing-admins@mariannhart.co.uk"
                  + gcp-devops              = "group:gcp-devops@mariannhart.co.uk"
                  + gcp-network-admins      = "group:gcp-network-admins@mariannhart.co.uk"
                  + gcp-organization-admins = "group:gcp-organization-admins@mariannhart.co.uk"
                  + gcp-secops-admins       = "group:gcp-secops-admins@mariannhart.co.uk"
                  + gcp-security-admins     = "group:gcp-security-admins@mariannhart.co.uk"
                  + gcp-support             = "group:gcp-support@mariannhart.co.uk"
                }
              + organization    = {
                  + customer_id = "C01htlpg7"
                  + domain      = "mariannhart.co.uk"
                  + id          = "845016637229"
                }
              + prefix          = "rjh01"
              + universe        = null
            }
        )
      + content_base64sha256 = (known after apply)
      + content_base64sha512 = (known after apply)
      + content_md5          = (known after apply)
      + content_sha1         = (known after apply)
      + content_sha256       = (known after apply)
      + content_sha512       = (known after apply)
      + directory_permission = "0777"
      + file_permission      = "0644"
      + filename             = "C:\\Users\\Richard\\fast-config\\fast-01/tfvars/0-globals.auto.tfvars.json"
      + id                   = (known after apply)
    }

  # local_file.tfvars["org-setup"] will be created
  + resource "local_file" "tfvars" {
      + content              = (known after apply)
      + content_base64sha256 = (known after apply)
      + content_base64sha512 = (known after apply)
      + content_md5          = (known after apply)
      + content_sha1         = (known after apply)
      + content_sha256       = (known after apply)
      + content_sha512       = (known after apply)
      + directory_permission = "0777"
      + file_permission      = "0644"
      + filename             = "C:\\Users\\Richard\\fast-config\\fast-01/tfvars/0-org-setup.auto.tfvars.json"
      + id                   = (known after apply)
    }

  # terraform_data.precondition will be created
  + resource "terraform_data" "precondition" {
      + id = (known after apply)
    }

  # terraform_data.precondition-cicd will be created
  + resource "terraform_data" "precondition-cicd" {
      + id = (known after apply)
    }

  # module.billing-accounts["default"].google_billing_account_iam_member.bindings["billing_admin_org_admins"] will be created
  + resource "google_billing_account_iam_member" "bindings" {
      + billing_account_id = "01A7DC-5ED07C-6DF697"
      + etag               = (known after apply)
      + id                 = (known after apply)
      + member             = "group:gcp-organization-admins@mariannhart.co.uk"
      + role               = "roles/billing.admin"
    }

  # module.billing-accounts["default"].google_billing_account_iam_member.bindings["billing_admin_org_sa"] will be created
  + resource "google_billing_account_iam_member" "bindings" {
      + billing_account_id = "01A7DC-5ED07C-6DF697"
      + etag               = (known after apply)
      + id                 = (known after apply)
      + member             = "serviceAccount:iac-org-rw@rjh01-prod-iac-core-0.iam.gserviceaccount.com"
      + role               = "roles/billing.admin"
    }

  # module.billing-accounts["default"].google_billing_account_iam_member.bindings["billing_user_networking_sa"] will be created
  + resource "google_billing_account_iam_member" "bindings" {
      + billing_account_id = "01A7DC-5ED07C-6DF697"
      + etag               = (known after apply)
      + id                 = (known after apply)
      + member             = "serviceAccount:iac-networking-rw@rjh01-prod-iac-core-0.iam.gserviceaccount.com"
      + role               = "roles/billing.user"
    }

  # module.billing-accounts["default"].google_billing_account_iam_member.bindings["billing_user_pf_sa"] will be created
  + resource "google_billing_account_iam_member" "bindings" {
      + billing_account_id = "01A7DC-5ED07C-6DF697"
      + etag               = (known after apply)
      + id                 = (known after apply)
      + member             = "serviceAccount:iac-pf-rw@rjh01-prod-iac-core-0.iam.gserviceaccount.com"
      + role               = "roles/billing.user"
    }

  # module.billing-accounts["default"].google_billing_account_iam_member.bindings["billing_user_security_sa"] will be created
  + resource "google_billing_account_iam_member" "bindings" {
      + billing_account_id = "01A7DC-5ED07C-6DF697"
      + etag               = (known after apply)
      + id                 = (known after apply)
      + member             = "serviceAccount:iac-security-rw@rjh01-prod-iac-core-0.iam.gserviceaccount.com"
      + role               = "roles/billing.user"
    }

  # module.billing-accounts["default"].google_billing_account_iam_member.bindings["billing_viewer_org_ro"] will be created
  + resource "google_billing_account_iam_member" "bindings" {
      + billing_account_id = "01A7DC-5ED07C-6DF697"
      + etag               = (known after apply)
      + id                 = (known after apply)
      + member             = "serviceAccount:iac-org-ro@rjh01-prod-iac-core-0.iam.gserviceaccount.com"
      + role               = "roles/billing.viewer"
    }

  # module.factory.terraform_data.defaults_preconditions will be created
  + resource "terraform_data" "defaults_preconditions" {
      + id = (known after apply)
    }

  # module.factory.terraform_data.project-preconditions will be created
  + resource "terraform_data" "project-preconditions" {
      + id = (known after apply)
    }

  # module.organization[0].google_essential_contacts_contact.contact["$email_addresses:gcp-organization-admins"] will be created
  + resource "google_essential_contacts_contact" "contact" {
      + email                               = "gcp-organization-admins@mariannhart.co.uk"
      + id                                  = (known after apply)
      + language_tag                        = "en"
      + name                                = (known after apply)
      + notification_category_subscriptions = [
          + "ALL",
        ]
      + parent                              = "organizations/845016637229"
    }

  # module.organization[0].google_logging_organization_settings.default[0] will be created
  + resource "google_logging_organization_settings" "default" {
      + disable_default_sink       = (known after apply)
      + id                         = (known after apply)
      + kms_key_name               = (known after apply)
      + kms_service_account_id     = (known after apply)
      + logging_service_account_id = (known after apply)
      + name                       = (known after apply)
      + organization               = "845016637229"
      + storage_location           = "europe-west2"
    }

  # module.organization[0].google_organization_iam_custom_role.roles["network_firewall_policies_admin"] will be created
  + resource "google_organization_iam_custom_role" "roles" {
      + deleted     = (known after apply)
      + description = "Terraform-managed."
      + id          = (known after apply)
      + name        = (known after apply)
      + org_id      = "845016637229"
      + permissions = [
          + "compute.networks.setFirewallPolicy",
          + "networksecurity.firewallEndpointAssociations.create",
          + "networksecurity.firewallEndpointAssociations.delete",
          + "networksecurity.firewallEndpointAssociations.get",
          + "networksecurity.firewallEndpointAssociations.list",
          + "networksecurity.firewallEndpointAssociations.update",
        ]
      + role_id     = "networkFirewallPoliciesAdmin"
      + stage       = "GA"
      + title       = "Custom role networkFirewallPoliciesAdmin"
    }

  # module.organization[0].google_organization_iam_custom_role.roles["ngfw_enterprise_admin"] will be created
  + resource "google_organization_iam_custom_role" "roles" {
      + deleted     = (known after apply)
      + description = "Terraform-managed."
      + id          = (known after apply)
      + name        = (known after apply)
      + org_id      = "845016637229"
      + permissions = [
          + "networksecurity.firewallEndpoints.create",
          + "networksecurity.firewallEndpoints.delete",
          + "networksecurity.firewallEndpoints.get",
          + "networksecurity.firewallEndpoints.list",
          + "networksecurity.firewallEndpoints.update",
          + "networksecurity.firewallEndpoints.use",
          + "networksecurity.locations.get",
          + "networksecurity.locations.list",
          + "networksecurity.operations.cancel",
          + "networksecurity.operations.delete",
          + "networksecurity.operations.get",
          + "networksecurity.operations.list",
          + "networksecurity.securityProfileGroups.create",
          + "networksecurity.securityProfileGroups.delete",
          + "networksecurity.securityProfileGroups.get",
          + "networksecurity.securityProfileGroups.list",
          + "networksecurity.securityProfileGroups.update",
          + "networksecurity.securityProfileGroups.use",
          + "networksecurity.securityProfiles.create",
          + "networksecurity.securityProfiles.delete",
          + "networksecurity.securityProfiles.get",
          + "networksecurity.securityProfiles.list",
          + "networksecurity.securityProfiles.update",
          + "networksecurity.securityProfiles.use",
          + "networksecurity.tlsInspectionPolicies.create",
          + "networksecurity.tlsInspectionPolicies.delete",
          + "networksecurity.tlsInspectionPolicies.get",
          + "networksecurity.tlsInspectionPolicies.list",
          + "networksecurity.tlsInspectionPolicies.update",
          + "networksecurity.tlsInspectionPolicies.use",
        ]
      + role_id     = "ngfwEnterpriseAdmin"
      + stage       = "GA"
      + title       = "Custom role ngfwEnterpriseAdmin"
    }

  # module.organization[0].google_organization_iam_custom_role.roles["ngfw_enterprise_viewer"] will be created
  + resource "google_organization_iam_custom_role" "roles" {
      + deleted     = (known after apply)
      + description = "Terraform-managed."
      + id          = (known after apply)
      + name        = (known after apply)
      + org_id      = "845016637229"
      + permissions = [
          + "networksecurity.firewallEndpoints.get",
          + "networksecurity.firewallEndpoints.list",
          + "networksecurity.firewallEndpoints.use",
          + "networksecurity.locations.get",
          + "networksecurity.locations.list",
          + "networksecurity.operations.get",
          + "networksecurity.operations.list",
          + "networksecurity.securityProfileGroups.get",
          + "networksecurity.securityProfileGroups.list",
          + "networksecurity.securityProfileGroups.use",
          + "networksecurity.securityProfiles.get",
          + "networksecurity.securityProfiles.list",
          + "networksecurity.securityProfiles.use",
          + "networksecurity.tlsInspectionPolicies.get",
          + "networksecurity.tlsInspectionPolicies.list",
          + "networksecurity.tlsInspectionPolicies.use",
        ]
      + role_id     = "ngfwEnterpriseViewer"
      + stage       = "GA"
      + title       = "Custom role ngfwEnterpriseViewer"
    }

  # module.organization[0].google_organization_iam_custom_role.roles["organization_admin_viewer"] will be created
  + resource "google_organization_iam_custom_role" "roles" {
      + deleted     = (known after apply)
      + description = "Terraform-managed."
      + id          = (known after apply)
      + name        = (known after apply)
      + org_id      = "845016637229"
      + permissions = [
          + "essentialcontacts.contacts.get",
          + "essentialcontacts.contacts.list",
          + "logging.settings.get",
          + "orgpolicy.constraints.list",
          + "orgpolicy.policies.list",
          + "orgpolicy.policy.get",
          + "resourcemanager.folders.get",
          + "resourcemanager.folders.getIamPolicy",
          + "resourcemanager.folders.list",
          + "resourcemanager.organizations.get",
          + "resourcemanager.organizations.getIamPolicy",
          + "resourcemanager.projects.get",
          + "resourcemanager.projects.getIamPolicy",
          + "resourcemanager.projects.list",
          + "storage.buckets.getIamPolicy",
        ]
      + role_id     = "organizationAdminViewer"
      + stage       = "GA"
      + title       = "Custom role organizationAdminViewer"
    }

  # module.organization[0].google_organization_iam_custom_role.roles["organization_iam_admin"] will be created
  + resource "google_organization_iam_custom_role" "roles" {
      + deleted     = (known after apply)
      + description = "Terraform-managed."
      + id          = (known after apply)
      + name        = (known after apply)
      + org_id      = "845016637229"
      + permissions = [
          + "resourcemanager.organizations.get",
          + "resourcemanager.organizations.getIamPolicy",
          + "resourcemanager.organizations.setIamPolicy",
        ]
      + role_id     = "organizationIamAdmin"
      + stage       = "GA"
      + title       = "Custom role organizationIamAdmin"
    }

  # module.organization[0].google_organization_iam_custom_role.roles["project_iam_viewer"] will be created
  + resource "google_organization_iam_custom_role" "roles" {
      + deleted     = (known after apply)
      + description = "Terraform-managed."
      + id          = (known after apply)
      + name        = (known after apply)
      + org_id      = "845016637229"
      + permissions = [
          + "iam.policybindings.get",
          + "iam.policybindings.list",
          + "resourcemanager.projects.get",
          + "resourcemanager.projects.getIamPolicy",
          + "resourcemanager.projects.searchPolicyBindings",
        ]
      + role_id     = "projectIamViewer"
      + stage       = "GA"
      + title       = "Custom role projectIamViewer"
    }

  # module.organization[0].google_organization_iam_custom_role.roles["service_project_network_admin"] will be created
  + resource "google_organization_iam_custom_role" "roles" {
      + deleted     = (known after apply)
      + description = "Terraform-managed."
      + id          = (known after apply)
      + name        = (known after apply)
      + org_id      = "845016637229"
      + permissions = [
          + "compute.globalOperations.get",
          + "compute.networks.get",
          + "compute.networks.updatePeering",
          + "compute.organizations.disableXpnResource",
          + "compute.organizations.enableXpnResource",
          + "compute.projects.get",
          + "compute.subnetworks.getIamPolicy",
          + "compute.subnetworks.setIamPolicy",
          + "dns.networks.bindPrivateDNSZone",
          + "resourcemanager.projects.get",
        ]
      + role_id     = "serviceProjectNetworkAdmin"
      + stage       = "GA"
      + title       = "Custom role serviceProjectNetworkAdmin"
    }

  # module.organization[0].google_organization_iam_custom_role.roles["storage_viewer"] will be created
  + resource "google_organization_iam_custom_role" "roles" {
      + deleted     = (known after apply)
      + description = "Terraform-managed."
      + id          = (known after apply)
      + name        = (known after apply)
      + org_id      = "845016637229"
      + permissions = [
          + "storage.buckets.get",
          + "storage.buckets.getIamPolicy",
          + "storage.buckets.getObjectInsights",
          + "storage.buckets.list",
          + "storage.buckets.listEffectiveTags",
          + "storage.buckets.listTagBindings",
          + "storage.managedFolders.get",
          + "storage.managedFolders.getIamPolicy",
          + "storage.managedFolders.list",
          + "storage.multipartUploads.list",
          + "storage.multipartUploads.listParts",
          + "storage.objects.get",
          + "storage.objects.getIamPolicy",
          + "storage.objects.list",
        ]
      + role_id     = "storageViewer"
      + stage       = "GA"
      + title       = "Custom role storageViewer"
    }

  # module.organization[0].google_organization_iam_custom_role.roles["tag_viewer"] will be created
  + resource "google_organization_iam_custom_role" "roles" {
      + deleted     = (known after apply)
      + description = "Terraform-managed."
      + id          = (known after apply)
      + name        = (known after apply)
      + org_id      = "845016637229"
      + permissions = [
          + "resourcemanager.tagHolds.list",
          + "resourcemanager.tagKeys.get",
          + "resourcemanager.tagKeys.getIamPolicy",
          + "resourcemanager.tagKeys.list",
          + "resourcemanager.tagValues.get",
          + "resourcemanager.tagValues.getIamPolicy",
          + "resourcemanager.tagValues.list",
        ]
      + role_id     = "tagViewer"
      + stage       = "GA"
      + title       = "Custom role tagViewer"
    }

  # module.organization[0].google_tags_tag_key.default["context"] will be created
  + resource "google_tags_tag_key" "default" {
      + create_time     = (known after apply)
      + description     = "Organization-level contexts."
      + id              = (known after apply)
      + name            = (known after apply)
      + namespaced_name = (known after apply)
      + parent          = "organizations/845016637229"
      + short_name      = "context"
      + update_time     = (known after apply)
    }

  # module.organization[0].google_tags_tag_key.default["environment"] will be created
  + resource "google_tags_tag_key" "default" {
      + create_time     = (known after apply)
      + description     = "Organization-level environments."
      + id              = (known after apply)
      + name            = (known after apply)
      + namespaced_name = (known after apply)
      + parent          = "organizations/845016637229"
      + short_name      = "environment"
      + update_time     = (known after apply)
    }

  # module.organization[0].google_tags_tag_key.default["org-policies"] will be created
  + resource "google_tags_tag_key" "default" {
      + create_time     = (known after apply)
      + description     = "Organization policy condition tags."
      + id              = (known after apply)
      + name            = (known after apply)
      + namespaced_name = (known after apply)
      + parent          = "organizations/845016637229"
      + short_name      = "org-policies"
      + update_time     = (known after apply)
    }

  # module.organization[0].google_tags_tag_value.default["context/project-factory"] will be created
  + resource "google_tags_tag_value" "default" {
      + create_time     = (known after apply)
      + description     = "Project factory."
      + id              = (known after apply)
      + name            = (known after apply)
      + namespaced_name = (known after apply)
      + parent          = (known after apply)
      + short_name      = "project-factory"
      + update_time     = (known after apply)
    }

  # module.organization[0].google_tags_tag_value.default["environment/development"] will be created
  + resource "google_tags_tag_value" "default" {
      + create_time     = (known after apply)
      + description     = "Development."
      + id              = (known after apply)
      + name            = (known after apply)
      + namespaced_name = (known after apply)
      + parent          = (known after apply)
      + short_name      = "development"
      + update_time     = (known after apply)
    }

  # module.organization[0].google_tags_tag_value.default["environment/production"] will be created
  + resource "google_tags_tag_value" "default" {
      + create_time     = (known after apply)
      + description     = "Production."
      + id              = (known after apply)
      + name            = (known after apply)
      + namespaced_name = (known after apply)
      + parent          = (known after apply)
      + short_name      = "production"
      + update_time     = (known after apply)
    }

  # module.organization[0].google_tags_tag_value.default["org-policies/allowed-essential-contacts-domains-all"] will be created
  + resource "google_tags_tag_value" "default" {
      + create_time     = (known after apply)
      + description     = "Allow all domains in essntial contacts org policy."
      + id              = (known after apply)
      + name            = (known after apply)
      + namespaced_name = (known after apply)
      + parent          = (known after apply)
      + short_name      = "allowed-essential-contacts-domains-all"
      + update_time     = (known after apply)
    }

  # module.organization[0].google_tags_tag_value.default["org-policies/allowed-policy-member-domains-all"] will be created
  + resource "google_tags_tag_value" "default" {
      + create_time     = (known after apply)
      + description     = "Allow all domains in DRS org policy."
      + id              = (known after apply)
      + name            = (known after apply)
      + namespaced_name = (known after apply)
      + parent          = (known after apply)
      + short_name      = "allowed-policy-member-domains-all"
      + update_time     = (known after apply)
    }

  # module.organization-iam[0].google_logging_organization_sink.sink["audit-logs"] will be created
  + resource "google_logging_organization_sink" "sink" {
      + description        = "audit-logs (Terraform-managed)."
      + destination        = (known after apply)
      + disabled           = false
      + filter             = <<-EOT
            log_id("cloudaudit.googleapis.com/activity") OR
            log_id("cloudaudit.googleapis.com/system_event") OR
            log_id("cloudaudit.googleapis.com/policy") OR
            log_id("cloudaudit.googleapis.com/access_transparency")
        EOT
      + id                 = (known after apply)
      + include_children   = true
      + intercept_children = false
      + name               = "audit-logs"
      + org_id             = "845016637229"
      + writer_identity    = (known after apply)

      + bigquery_options (known after apply)
    }

  # module.organization-iam[0].google_logging_organization_sink.sink["iam"] will be created
  + resource "google_logging_organization_sink" "sink" {
      + description        = "iam (Terraform-managed)."
      + destination        = (known after apply)
      + disabled           = false
      + filter             = <<-EOT
            protoPayload.serviceName="iamcredentials.googleapis.com" OR
            protoPayload.serviceName="iam.googleapis.com" OR
            protoPayload.serviceName="sts.googleapis.com"
        EOT
      + id                 = (known after apply)
      + include_children   = true
      + intercept_children = false
      + name               = "iam"
      + org_id             = "845016637229"
      + writer_identity    = (known after apply)

      + bigquery_options (known after apply)
    }

  # module.organization-iam[0].google_logging_organization_sink.sink["vpc-sc"] will be created
  + resource "google_logging_organization_sink" "sink" {
      + description        = "vpc-sc (Terraform-managed)."
      + destination        = (known after apply)
      + disabled           = false
      + filter             = <<-EOT
            protoPayload.metadata.@type="type.googleapis.com/google.cloud.audit.VpcServiceControlAuditMetadata"
        EOT
      + id                 = (known after apply)
      + include_children   = true
      + intercept_children = false
      + name               = "vpc-sc"
      + org_id             = "845016637229"
      + writer_identity    = (known after apply)

      + bigquery_options (known after apply)
    }

  # module.organization-iam[0].google_org_policy_custom_constraint.constraint["custom.denyBridgePerimeters"] will be created
  + resource "google_org_policy_custom_constraint" "constraint" {
      + action_type    = "DENY"
      + condition      = "resource.perimeterType == 'PERIMETER_TYPE_BRIDGE'"
      + description    = "Disables the use of perimeter bridges. Instead, use ingress and egress rules."
      + display_name   = "Disable perimeter bridges"
      + id             = (known after apply)
      + method_types   = [
          + "CREATE",
          + "UPDATE",
        ]
      + name           = "custom.denyBridgePerimeters"
      + parent         = "organizations/845016637229"
      + resource_types = [
          + "accesscontextmanager.googleapis.com/ServicePerimeter",
        ]
      + update_time    = (known after apply)
    }

  # module.organization-iam[0].google_org_policy_policy.default["cloudbuild.disableCreateDefaultServiceAccount"] will be created
  + resource "google_org_policy_policy" "default" {
      + etag   = (known after apply)
      + id     = (known after apply)
      + name   = "organizations/845016637229/policies/cloudbuild.disableCreateDefaultServiceAccount"
      + parent = "organizations/845016637229"

      + spec {
          + etag        = (known after apply)
          + update_time = (known after apply)

          + rules {
              + enforce = "TRUE"
            }
        }
    }

  # module.organization-iam[0].google_org_policy_policy.default["cloudbuild.useBuildServiceAccount"] will be created
  + resource "google_org_policy_policy" "default" {
      + etag   = (known after apply)
      + id     = (known after apply)
      + name   = "organizations/845016637229/policies/cloudbuild.useBuildServiceAccount"
      + parent = "organizations/845016637229"

      + spec {
          + etag        = (known after apply)
          + update_time = (known after apply)

          + rules {
              + enforce = "TRUE"
            }
        }
    }

  # module.organization-iam[0].google_org_policy_policy.default["cloudbuild.useComputeServiceAccount"] will be created
  + resource "google_org_policy_policy" "default" {
      + etag   = (known after apply)
      + id     = (known after apply)
      + name   = "organizations/845016637229/policies/cloudbuild.useComputeServiceAccount"
      + parent = "organizations/845016637229"

      + spec {
          + etag        = (known after apply)
          + update_time = (known after apply)

          + rules {
              + enforce = "TRUE"
            }
        }
    }

  # module.organization-iam[0].google_org_policy_policy.default["compute.disableGuestAttributesAccess"] will be created
  + resource "google_org_policy_policy" "default" {
      + etag   = (known after apply)
      + id     = (known after apply)
      + name   = "organizations/845016637229/policies/compute.disableGuestAttributesAccess"
      + parent = "organizations/845016637229"

      + spec {
          + etag        = (known after apply)
          + update_time = (known after apply)

          + rules {
              + enforce = "TRUE"
            }
        }
    }

  # module.organization-iam[0].google_org_policy_policy.default["compute.disableInternetNetworkEndpointGroup"] will be created
  + resource "google_org_policy_policy" "default" {
      + etag   = (known after apply)
      + id     = (known after apply)
      + name   = "organizations/845016637229/policies/compute.disableInternetNetworkEndpointGroup"
      + parent = "organizations/845016637229"

      + spec {
          + etag        = (known after apply)
          + update_time = (known after apply)

          + rules {
              + enforce = "TRUE"
            }
        }
    }

  # module.organization-iam[0].google_org_policy_policy.default["compute.disableNestedVirtualization"] will be created
  + resource "google_org_policy_policy" "default" {
      + etag   = (known after apply)
      + id     = (known after apply)
      + name   = "organizations/845016637229/policies/compute.disableNestedVirtualization"
      + parent = "organizations/845016637229"

      + spec {
          + etag        = (known after apply)
          + update_time = (known after apply)

          + rules {
              + enforce = "TRUE"
            }
        }
    }

  # module.organization-iam[0].google_org_policy_policy.default["compute.disableSerialPortAccess"] will be created
  + resource "google_org_policy_policy" "default" {
      + etag   = (known after apply)
      + id     = (known after apply)
      + name   = "organizations/845016637229/policies/compute.disableSerialPortAccess"
      + parent = "organizations/845016637229"

      + spec {
          + etag        = (known after apply)
          + update_time = (known after apply)

          + rules {
              + enforce = "TRUE"
            }
        }
    }

  # module.organization-iam[0].google_org_policy_policy.default["compute.disableVpcExternalIpv6"] will be created
  + resource "google_org_policy_policy" "default" {
      + etag   = (known after apply)
      + id     = (known after apply)
      + name   = "organizations/845016637229/policies/compute.disableVpcExternalIpv6"
      + parent = "organizations/845016637229"

      + spec {
          + etag        = (known after apply)
          + update_time = (known after apply)

          + rules {
              + enforce = "TRUE"
            }
        }
    }

  # module.organization-iam[0].google_org_policy_policy.default["compute.requireOsLogin"] will be created
  + resource "google_org_policy_policy" "default" {
      + etag   = (known after apply)
      + id     = (known after apply)
      + name   = "organizations/845016637229/policies/compute.requireOsLogin"
      + parent = "organizations/845016637229"

      + spec {
          + etag        = (known after apply)
          + update_time = (known after apply)

          + rules {
              + enforce = "TRUE"
            }
        }
    }

  # module.organization-iam[0].google_org_policy_policy.default["compute.restrictLoadBalancerCreationForTypes"] will be created
  + resource "google_org_policy_policy" "default" {
      + etag   = (known after apply)
      + id     = (known after apply)
      + name   = "organizations/845016637229/policies/compute.restrictLoadBalancerCreationForTypes"
      + parent = "organizations/845016637229"

      + spec {
          + etag        = (known after apply)
          + update_time = (known after apply)

          + rules {
              + values {
                  + allowed_values = [
                      + "in:INTERNAL",
                    ]
                }
            }
        }
    }

  # module.organization-iam[0].google_org_policy_policy.default["compute.skipDefaultNetworkCreation"] will be created
  + resource "google_org_policy_policy" "default" {
      + etag   = (known after apply)
      + id     = (known after apply)
      + name   = "organizations/845016637229/policies/compute.skipDefaultNetworkCreation"
      + parent = "organizations/845016637229"

      + spec {
          + etag        = (known after apply)
          + update_time = (known after apply)

          + rules {
              + enforce = "TRUE"
            }
        }
    }

  # module.organization-iam[0].google_org_policy_policy.default["compute.trustedImageProjects"] will be created
  + resource "google_org_policy_policy" "default" {
      + etag   = (known after apply)
      + id     = (known after apply)
      + name   = "organizations/845016637229/policies/compute.trustedImageProjects"
      + parent = "organizations/845016637229"

      + spec {
          + etag        = (known after apply)
          + update_time = (known after apply)

          + rules {
              + values {
                  + allowed_values = [
                      + "is:projects/centos-cloud",
                      + "is:projects/cos-cloud",
                      + "is:projects/debian-cloud",
                      + "is:projects/fedora-cloud",
                      + "is:projects/fedora-coreos-cloud",
                      + "is:projects/opensuse-cloud",
                      + "is:projects/rhel-cloud",
                      + "is:projects/rhel-sap-cloud",
                      + "is:projects/rocky-linux-cloud",
                      + "is:projects/suse-cloud",
                      + "is:projects/suse-sap-cloud",
                      + "is:projects/ubuntu-os-cloud",
                      + "is:projects/ubuntu-os-pro-cloud",
                      + "is:projects/windows-cloud",
                      + "is:projects/windows-sql-cloud",
                      + "is:projects/confidential-vm-images",
                      + "is:projects/confidential-space-images",
                      + "is:projects/backupdr-images",
                      + "is:projects/deeplearning-platform-release",
                      + "is:projects/serverless-vpc-access-images",
                      + "is:projects/gke-node-images",
                      + "is:projects/gke-windows-node-images",
                      + "is:projects/ubuntu-os-gke-cloud",
                    ]
                }
            }
        }
    }

  # module.organization-iam[0].google_org_policy_policy.default["compute.vmExternalIpAccess"] will be created
  + resource "google_org_policy_policy" "default" {
      + etag   = (known after apply)
      + id     = (known after apply)
      + name   = "organizations/845016637229/policies/compute.vmExternalIpAccess"
      + parent = "organizations/845016637229"

      + spec {
          + etag        = (known after apply)
          + update_time = (known after apply)

          + rules {
              + deny_all = "TRUE"
            }
        }
    }

  # module.organization-iam[0].google_org_policy_policy.default["container.managed.enablePrivateNodes"] will be created
  + resource "google_org_policy_policy" "default" {
      + etag   = (known after apply)
      + id     = (known after apply)
      + name   = "organizations/845016637229/policies/container.managed.enablePrivateNodes"
      + parent = "organizations/845016637229"

      + spec {
          + etag        = (known after apply)
          + update_time = (known after apply)

          + rules {
              + enforce = "TRUE"
            }
        }
    }

  # module.organization-iam[0].google_org_policy_policy.default["custom.denyBridgePerimeters"] will be created
  + resource "google_org_policy_policy" "default" {
      + etag   = (known after apply)
      + id     = (known after apply)
      + name   = "organizations/845016637229/policies/custom.denyBridgePerimeters"
      + parent = "organizations/845016637229"

      + spec {
          + etag        = (known after apply)
          + update_time = (known after apply)

          + rules {
              + enforce = "TRUE"
            }
        }
    }

  # module.organization-iam[0].google_org_policy_policy.default["gcp.resourceLocations"] will be created
  + resource "google_org_policy_policy" "default" {
      + etag   = (known after apply)
      + id     = (known after apply)
      + name   = "organizations/845016637229/policies/gcp.resourceLocations"
      + parent = "organizations/845016637229"

      + spec {
          + etag        = (known after apply)
          + update_time = (known after apply)

          + rules {
              + allow_all = "TRUE"
            }
        }
    }

  # module.organization-iam[0].google_org_policy_policy.default["iam.disableAuditLoggingExemption"] will be created
  + resource "google_org_policy_policy" "default" {
      + etag   = (known after apply)
      + id     = (known after apply)
      + name   = "organizations/845016637229/policies/iam.disableAuditLoggingExemption"
      + parent = "organizations/845016637229"

      + spec {
          + etag        = (known after apply)
          + update_time = (known after apply)

          + rules {
              + enforce = "TRUE"
            }
        }
    }

  # module.organization-iam[0].google_org_policy_policy.default["iam.managed.disableServiceAccountApiKeyCreation"] will be created
  + resource "google_org_policy_policy" "default" {
      + etag   = (known after apply)
      + id     = (known after apply)
      + name   = "organizations/845016637229/policies/iam.managed.disableServiceAccountApiKeyCreation"
      + parent = "organizations/845016637229"

      + spec {
          + etag        = (known after apply)
          + update_time = (known after apply)

          + rules {
              + enforce = "TRUE"
            }
        }
    }

  # module.organization-iam[0].google_org_policy_policy.default["iam.serviceAccountKeyExposureResponse"] will be created
  + resource "google_org_policy_policy" "default" {
      + etag   = (known after apply)
      + id     = (known after apply)
      + name   = "organizations/845016637229/policies/iam.serviceAccountKeyExposureResponse"
      + parent = "organizations/845016637229"

      + spec {
          + etag        = (known after apply)
          + update_time = (known after apply)

          + rules {
              + values {
                  + allowed_values = [
                      + "is:DISABLE_KEY",
                    ]
                }
            }
        }
    }

  # module.organization-iam[0].google_org_policy_policy.default["iam.workloadIdentityPoolAwsAccounts"] will be created
  + resource "google_org_policy_policy" "default" {
      + etag   = (known after apply)
      + id     = (known after apply)
      + name   = "organizations/845016637229/policies/iam.workloadIdentityPoolAwsAccounts"
      + parent = "organizations/845016637229"

      + spec {
          + etag        = (known after apply)
          + update_time = (known after apply)

          + rules {
              + deny_all = "TRUE"
            }
        }
    }

  # module.organization-iam[0].google_org_policy_policy.default["iam.workloadIdentityPoolProviders"] will be created
  + resource "google_org_policy_policy" "default" {
      + etag   = (known after apply)
      + id     = (known after apply)
      + name   = "organizations/845016637229/policies/iam.workloadIdentityPoolProviders"
      + parent = "organizations/845016637229"

      + spec {
          + etag        = (known after apply)
          + update_time = (known after apply)

          + rules {
              + deny_all = "TRUE"
            }
        }
    }

  # module.organization-iam[0].google_org_policy_policy.default["run.allowedIngress"] will be created
  + resource "google_org_policy_policy" "default" {
      + etag   = (known after apply)
      + id     = (known after apply)
      + name   = "organizations/845016637229/policies/run.allowedIngress"
      + parent = "organizations/845016637229"

      + spec {
          + etag        = (known after apply)
          + update_time = (known after apply)

          + rules {
              + values {
                  + allowed_values = [
                      + "is:internal-and-cloud-load-balancing",
                    ]
                }
            }
        }
    }

  # module.organization-iam[0].google_org_policy_policy.default["run.managed.requireInvokerIam"] will be created
  + resource "google_org_policy_policy" "default" {
      + etag   = (known after apply)
      + id     = (known after apply)
      + name   = "organizations/845016637229/policies/run.managed.requireInvokerIam"
      + parent = "organizations/845016637229"

      + spec {
          + etag        = (known after apply)
          + update_time = (known after apply)

          + rules {
              + enforce = "TRUE"
            }
        }
    }

  # module.organization-iam[0].google_org_policy_policy.default["sql.restrictAuthorizedNetworks"] will be created
  + resource "google_org_policy_policy" "default" {
      + etag   = (known after apply)
      + id     = (known after apply)
      + name   = "organizations/845016637229/policies/sql.restrictAuthorizedNetworks"
      + parent = "organizations/845016637229"

      + spec {
          + etag        = (known after apply)
          + update_time = (known after apply)

          + rules {
              + enforce = "TRUE"
            }
        }
    }

  # module.organization-iam[0].google_org_policy_policy.default["sql.restrictPublicIp"] will be created
  + resource "google_org_policy_policy" "default" {
      + etag   = (known after apply)
      + id     = (known after apply)
      + name   = "organizations/845016637229/policies/sql.restrictPublicIp"
      + parent = "organizations/845016637229"

      + spec {
          + etag        = (known after apply)
          + update_time = (known after apply)

          + rules {
              + enforce = "TRUE"
            }
        }
    }

  # module.organization-iam[0].google_org_policy_policy.default["storage.publicAccessPrevention"] will be created
  + resource "google_org_policy_policy" "default" {
      + etag   = (known after apply)
      + id     = (known after apply)
      + name   = "organizations/845016637229/policies/storage.publicAccessPrevention"
      + parent = "organizations/845016637229"

      + spec {
          + etag        = (known after apply)
          + update_time = (known after apply)

          + rules {
              + enforce = "TRUE"
            }
        }
    }

  # module.organization-iam[0].google_org_policy_policy.default["storage.restrictAuthTypes"] will be created
  + resource "google_org_policy_policy" "default" {
      + etag   = (known after apply)
      + id     = (known after apply)
      + name   = "organizations/845016637229/policies/storage.restrictAuthTypes"
      + parent = "organizations/845016637229"

      + spec {
          + etag        = (known after apply)
          + update_time = (known after apply)

          + rules {
              + values {
                  + denied_values = [
                      + "in:ALL_HMAC_SIGNED_REQUESTS",
                    ]
                }
            }
        }
    }

  # module.organization-iam[0].google_org_policy_policy.default["storage.secureHttpTransport"] will be created
  + resource "google_org_policy_policy" "default" {
      + etag   = (known after apply)
      + id     = (known after apply)
      + name   = "organizations/845016637229/policies/storage.secureHttpTransport"
      + parent = "organizations/845016637229"

      + spec {
          + etag        = (known after apply)
          + update_time = (known after apply)

          + rules {
              + enforce = "TRUE"
            }
        }
    }

  # module.organization-iam[0].google_organization_iam_audit_config.default["sts.googleapis.com"] will be created
  + resource "google_organization_iam_audit_config" "default" {
      + etag    = (known after apply)
      + id      = (known after apply)
      + org_id  = "845016637229"
      + service = "sts.googleapis.com"

      + audit_log_config {
          + exempted_members = []
          + log_type         = "ADMIN_READ"
        }
    }

  # module.organization-iam[0].google_organization_iam_binding.authoritative["$custom_roles:organization_admin_viewer"] will be created
  + resource "google_organization_iam_binding" "authoritative" {
      + etag    = (known after apply)
      + id      = (known after apply)
      + members = [
          + "serviceAccount:iac-org-ro@rjh01-prod-iac-core-0.iam.gserviceaccount.com",
        ]
      + org_id  = "845016637229"
      + role    = "organizations/845016637229/roles/organizationAdminViewer"
    }

  # module.organization-iam[0].google_organization_iam_binding.authoritative["$custom_roles:tag_viewer"] will be created
  + resource "google_organization_iam_binding" "authoritative" {
      + etag    = (known after apply)
      + id      = (known after apply)
      + members = [
          + "serviceAccount:iac-org-ro@rjh01-prod-iac-core-0.iam.gserviceaccount.com",
        ]
      + org_id  = "845016637229"
      + role    = "organizations/845016637229/roles/tagViewer"
    }

  # module.organization-iam[0].google_organization_iam_binding.authoritative["roles/accesscontextmanager.policyAdmin"] will be created
  + resource "google_organization_iam_binding" "authoritative" {
      + etag    = (known after apply)
      + id      = (known after apply)
      + members = [
          + "serviceAccount:iac-org-rw@rjh01-prod-iac-core-0.iam.gserviceaccount.com",
          + "serviceAccount:iac-vpcsc-rw@rjh01-prod-iac-core-0.iam.gserviceaccount.com",
        ]
      + org_id  = "845016637229"
      + role    = "roles/accesscontextmanager.policyAdmin"
    }

  # module.organization-iam[0].google_organization_iam_binding.authoritative["roles/accesscontextmanager.policyReader"] will be created
  + resource "google_organization_iam_binding" "authoritative" {
      + etag    = (known after apply)
      + id      = (known after apply)
      + members = [
          + "serviceAccount:iac-vpcsc-ro@rjh01-prod-iac-core-0.iam.gserviceaccount.com",
        ]
      + org_id  = "845016637229"
      + role    = "roles/accesscontextmanager.policyReader"
    }

  # module.organization-iam[0].google_organization_iam_binding.authoritative["roles/billing.creator"] will be created
  + resource "google_organization_iam_binding" "authoritative" {
      + etag   = (known after apply)
      + id     = (known after apply)
      + org_id = "845016637229"
      + role   = "roles/billing.creator"
    }

  # module.organization-iam[0].google_organization_iam_binding.authoritative["roles/cloudasset.owner"] will be created
  + resource "google_organization_iam_binding" "authoritative" {
      + etag    = (known after apply)
      + id      = (known after apply)
      + members = [
          + "group:gcp-organization-admins@mariannhart.co.uk",
        ]
      + org_id  = "845016637229"
      + role    = "roles/cloudasset.owner"
    }

  # module.organization-iam[0].google_organization_iam_binding.authoritative["roles/cloudasset.viewer"] will be created
  + resource "google_organization_iam_binding" "authoritative" {
      + etag    = (known after apply)
      + id      = (known after apply)
      + members = [
          + "serviceAccount:iac-org-ro@rjh01-prod-iac-core-0.iam.gserviceaccount.com",
          + "serviceAccount:iac-org-rw@rjh01-prod-iac-core-0.iam.gserviceaccount.com",
          + "serviceAccount:iac-security-ro@rjh01-prod-iac-core-0.iam.gserviceaccount.com",
          + "serviceAccount:iac-security-rw@rjh01-prod-iac-core-0.iam.gserviceaccount.com",
          + "serviceAccount:iac-vpcsc-ro@rjh01-prod-iac-core-0.iam.gserviceaccount.com",
          + "serviceAccount:iac-vpcsc-rw@rjh01-prod-iac-core-0.iam.gserviceaccount.com",
        ]
      + org_id  = "845016637229"
      + role    = "roles/cloudasset.viewer"
    }

  # module.organization-iam[0].google_organization_iam_binding.authoritative["roles/cloudsupport.admin"] will be created
  + resource "google_organization_iam_binding" "authoritative" {
      + etag    = (known after apply)
      + id      = (known after apply)
      + members = [
          + "group:gcp-organization-admins@mariannhart.co.uk",
        ]
      + org_id  = "845016637229"
      + role    = "roles/cloudsupport.admin"
    }

  # module.organization-iam[0].google_organization_iam_binding.authoritative["roles/cloudsupport.techSupportEditor"] will be created
  + resource "google_organization_iam_binding" "authoritative" {
      + etag    = (known after apply)
      + id      = (known after apply)
      + members = [
          + "group:gcp-organization-admins@mariannhart.co.uk",
        ]
      + org_id  = "845016637229"
      + role    = "roles/cloudsupport.techSupportEditor"
    }

  # module.organization-iam[0].google_organization_iam_binding.authoritative["roles/compute.orgFirewallPolicyAdmin"] will be created
  + resource "google_organization_iam_binding" "authoritative" {
      + etag    = (known after apply)
      + id      = (known after apply)
      + members = [
          + "serviceAccount:iac-networking-rw@rjh01-prod-iac-core-0.iam.gserviceaccount.com",
        ]
      + org_id  = "845016637229"
      + role    = "roles/compute.orgFirewallPolicyAdmin"
    }

  # module.organization-iam[0].google_organization_iam_binding.authoritative["roles/compute.orgFirewallPolicyUser"] will be created
  + resource "google_organization_iam_binding" "authoritative" {
      + etag    = (known after apply)
      + id      = (known after apply)
      + members = [
          + "serviceAccount:iac-networking-ro@rjh01-prod-iac-core-0.iam.gserviceaccount.com",
        ]
      + org_id  = "845016637229"
      + role    = "roles/compute.orgFirewallPolicyUser"
    }

  # module.organization-iam[0].google_organization_iam_binding.authoritative["roles/compute.osAdminLogin"] will be created
  + resource "google_organization_iam_binding" "authoritative" {
      + etag    = (known after apply)
      + id      = (known after apply)
      + members = [
          + "group:gcp-organization-admins@mariannhart.co.uk",
        ]
      + org_id  = "845016637229"
      + role    = "roles/compute.osAdminLogin"
    }

  # module.organization-iam[0].google_organization_iam_binding.authoritative["roles/compute.osLoginExternalUser"] will be created
  + resource "google_organization_iam_binding" "authoritative" {
      + etag    = (known after apply)
      + id      = (known after apply)
      + members = [
          + "group:gcp-organization-admins@mariannhart.co.uk",
        ]
      + org_id  = "845016637229"
      + role    = "roles/compute.osLoginExternalUser"
    }

  # module.organization-iam[0].google_organization_iam_binding.authoritative["roles/compute.viewer"] will be created
  + resource "google_organization_iam_binding" "authoritative" {
      + etag    = (known after apply)
      + id      = (known after apply)
      + members = [
          + "serviceAccount:iac-networking-ro@rjh01-prod-iac-core-0.iam.gserviceaccount.com",
        ]
      + org_id  = "845016637229"
      + role    = "roles/compute.viewer"
    }

  # module.organization-iam[0].google_organization_iam_binding.authoritative["roles/compute.xpnAdmin"] will be created
  + resource "google_organization_iam_binding" "authoritative" {
      + etag    = (known after apply)
      + id      = (known after apply)
      + members = [
          + "group:gcp-organization-admins@mariannhart.co.uk",
          + "serviceAccount:iac-networking-rw@rjh01-prod-iac-core-0.iam.gserviceaccount.com",
        ]
      + org_id  = "845016637229"
      + role    = "roles/compute.xpnAdmin"
    }

  # module.organization-iam[0].google_organization_iam_binding.authoritative["roles/essentialcontacts.admin"] will be created
  + resource "google_organization_iam_binding" "authoritative" {
      + etag    = (known after apply)
      + id      = (known after apply)
      + members = [
          + "serviceAccount:iac-org-rw@rjh01-prod-iac-core-0.iam.gserviceaccount.com",
        ]
      + org_id  = "845016637229"
      + role    = "roles/essentialcontacts.admin"
    }

  # module.organization-iam[0].google_organization_iam_binding.authoritative["roles/essentialcontacts.viewer"] will be created
  + resource "google_organization_iam_binding" "authoritative" {
      + etag    = (known after apply)
      + id      = (known after apply)
      + members = [
          + "serviceAccount:iac-org-ro@rjh01-prod-iac-core-0.iam.gserviceaccount.com",
        ]
      + org_id  = "845016637229"
      + role    = "roles/essentialcontacts.viewer"
    }

  # module.organization-iam[0].google_organization_iam_binding.authoritative["roles/iam.organizationRoleAdmin"] will be created
  + resource "google_organization_iam_binding" "authoritative" {
      + etag    = (known after apply)
      + id      = (known after apply)
      + members = [
          + "serviceAccount:iac-org-rw@rjh01-prod-iac-core-0.iam.gserviceaccount.com",
        ]
      + org_id  = "845016637229"
      + role    = "roles/iam.organizationRoleAdmin"
    }

  # module.organization-iam[0].google_organization_iam_binding.authoritative["roles/iam.organizationRoleViewer"] will be created
  + resource "google_organization_iam_binding" "authoritative" {
      + etag    = (known after apply)
      + id      = (known after apply)
      + members = [
          + "serviceAccount:iac-org-ro@rjh01-prod-iac-core-0.iam.gserviceaccount.com",
        ]
      + org_id  = "845016637229"
      + role    = "roles/iam.organizationRoleViewer"
    }

  # module.organization-iam[0].google_organization_iam_binding.authoritative["roles/iam.workforcePoolAdmin"] will be created
  + resource "google_organization_iam_binding" "authoritative" {
      + etag    = (known after apply)
      + id      = (known after apply)
      + members = [
          + "group:gcp-organization-admins@mariannhart.co.uk",
          + "serviceAccount:iac-org-rw@rjh01-prod-iac-core-0.iam.gserviceaccount.com",
        ]
      + org_id  = "845016637229"
      + role    = "roles/iam.workforcePoolAdmin"
    }

  # module.organization-iam[0].google_organization_iam_binding.authoritative["roles/iam.workforcePoolViewer"] will be created
  + resource "google_organization_iam_binding" "authoritative" {
      + etag    = (known after apply)
      + id      = (known after apply)
      + members = [
          + "serviceAccount:iac-org-ro@rjh01-prod-iac-core-0.iam.gserviceaccount.com",
        ]
      + org_id  = "845016637229"
      + role    = "roles/iam.workforcePoolViewer"
    }

  # module.organization-iam[0].google_organization_iam_binding.authoritative["roles/logging.admin"] will be created
  + resource "google_organization_iam_binding" "authoritative" {
      + etag    = (known after apply)
      + id      = (known after apply)
      + members = [
          + "serviceAccount:iac-org-rw@rjh01-prod-iac-core-0.iam.gserviceaccount.com",
        ]
      + org_id  = "845016637229"
      + role    = "roles/logging.admin"
    }

  # module.organization-iam[0].google_organization_iam_binding.authoritative["roles/logging.viewer"] will be created
  + resource "google_organization_iam_binding" "authoritative" {
      + etag    = (known after apply)
      + id      = (known after apply)
      + members = [
          + "serviceAccount:iac-org-ro@rjh01-prod-iac-core-0.iam.gserviceaccount.com",
        ]
      + org_id  = "845016637229"
      + role    = "roles/logging.viewer"
    }

  # module.organization-iam[0].google_organization_iam_binding.authoritative["roles/orgpolicy.policyAdmin"] will be created
  + resource "google_organization_iam_binding" "authoritative" {
      + etag    = (known after apply)
      + id      = (known after apply)
      + members = [
          + "group:gcp-organization-admins@mariannhart.co.uk",
          + "serviceAccount:iac-org-rw@rjh01-prod-iac-core-0.iam.gserviceaccount.com",
        ]
      + org_id  = "845016637229"
      + role    = "roles/orgpolicy.policyAdmin"
    }

  # module.organization-iam[0].google_organization_iam_binding.authoritative["roles/orgpolicy.policyViewer"] will be created
  + resource "google_organization_iam_binding" "authoritative" {
      + etag    = (known after apply)
      + id      = (known after apply)
      + members = [
          + "serviceAccount:iac-org-ro@rjh01-prod-iac-core-0.iam.gserviceaccount.com",
        ]
      + org_id  = "845016637229"
      + role    = "roles/orgpolicy.policyViewer"
    }

  # module.organization-iam[0].google_organization_iam_binding.authoritative["roles/owner"] will be created
  + resource "google_organization_iam_binding" "authoritative" {
      + etag    = (known after apply)
      + id      = (known after apply)
      + members = [
          + "group:gcp-organization-admins@mariannhart.co.uk",
        ]
      + org_id  = "845016637229"
      + role    = "roles/owner"
    }

  # module.organization-iam[0].google_organization_iam_binding.authoritative["roles/resourcemanager.folderAdmin"] will be created
  + resource "google_organization_iam_binding" "authoritative" {
      + etag    = (known after apply)
      + id      = (known after apply)
      + members = [
          + "group:gcp-organization-admins@mariannhart.co.uk",
          + "serviceAccount:iac-org-rw@rjh01-prod-iac-core-0.iam.gserviceaccount.com",
        ]
      + org_id  = "845016637229"
      + role    = "roles/resourcemanager.folderAdmin"
    }

  # module.organization-iam[0].google_organization_iam_binding.authoritative["roles/resourcemanager.folderViewer"] will be created
  + resource "google_organization_iam_binding" "authoritative" {
      + etag    = (known after apply)
      + id      = (known after apply)
      + members = [
          + "serviceAccount:iac-org-ro@rjh01-prod-iac-core-0.iam.gserviceaccount.com",
        ]
      + org_id  = "845016637229"
      + role    = "roles/resourcemanager.folderViewer"
    }

  # module.organization-iam[0].google_organization_iam_binding.authoritative["roles/resourcemanager.organizationAdmin"] will be created
  + resource "google_organization_iam_binding" "authoritative" {
      + etag    = (known after apply)
      + id      = (known after apply)
      + members = [
          + "group:gcp-organization-admins@mariannhart.co.uk",
          + "serviceAccount:iac-org-rw@rjh01-prod-iac-core-0.iam.gserviceaccount.com",
        ]
      + org_id  = "845016637229"
      + role    = "roles/resourcemanager.organizationAdmin"
    }

  # module.organization-iam[0].google_organization_iam_binding.authoritative["roles/resourcemanager.projectCreator"] will be created
  + resource "google_organization_iam_binding" "authoritative" {
      + etag    = (known after apply)
      + id      = (known after apply)
      + members = [
          + "group:gcp-organization-admins@mariannhart.co.uk",
          + "serviceAccount:iac-org-rw@rjh01-prod-iac-core-0.iam.gserviceaccount.com",
        ]
      + org_id  = "845016637229"
      + role    = "roles/resourcemanager.projectCreator"
    }

  # module.organization-iam[0].google_organization_iam_binding.authoritative["roles/resourcemanager.projectMover"] will be created
  + resource "google_organization_iam_binding" "authoritative" {
      + etag    = (known after apply)
      + id      = (known after apply)
      + members = [
          + "serviceAccount:iac-org-rw@rjh01-prod-iac-core-0.iam.gserviceaccount.com",
        ]
      + org_id  = "845016637229"
      + role    = "roles/resourcemanager.projectMover"
    }

  # module.organization-iam[0].google_organization_iam_binding.authoritative["roles/resourcemanager.tagAdmin"] will be created
  + resource "google_organization_iam_binding" "authoritative" {
      + etag    = (known after apply)
      + id      = (known after apply)
      + members = [
          + "group:gcp-organization-admins@mariannhart.co.uk",
          + "serviceAccount:iac-org-rw@rjh01-prod-iac-core-0.iam.gserviceaccount.com",
        ]
      + org_id  = "845016637229"
      + role    = "roles/resourcemanager.tagAdmin"
    }

  # module.organization-iam[0].google_organization_iam_binding.authoritative["roles/resourcemanager.tagUser"] will be created
  + resource "google_organization_iam_binding" "authoritative" {
      + etag    = (known after apply)
      + id      = (known after apply)
      + members = [
          + "serviceAccount:iac-org-rw@rjh01-prod-iac-core-0.iam.gserviceaccount.com",
        ]
      + org_id  = "845016637229"
      + role    = "roles/resourcemanager.tagUser"
    }

  # module.organization-iam[0].google_organization_iam_binding.authoritative["roles/resourcemanager.tagViewer"] will be created
  + resource "google_organization_iam_binding" "authoritative" {
      + etag    = (known after apply)
      + id      = (known after apply)
      + members = [
          + "serviceAccount:iac-org-ro@rjh01-prod-iac-core-0.iam.gserviceaccount.com",
        ]
      + org_id  = "845016637229"
      + role    = "roles/resourcemanager.tagViewer"
    }

  # module.organization-iam[0].google_organization_iam_binding.authoritative["roles/serviceusage.serviceUsageViewer"] will be created
  + resource "google_organization_iam_binding" "authoritative" {
      + etag    = (known after apply)
      + id      = (known after apply)
      + members = [
          + "serviceAccount:iac-org-ro@rjh01-prod-iac-core-0.iam.gserviceaccount.com",
        ]
      + org_id  = "845016637229"
      + role    = "roles/serviceusage.serviceUsageViewer"
    }

  # module.organization-iam[0].google_organization_iam_binding.bindings["pf_org_policy_admin"] will be created
  + resource "google_organization_iam_binding" "bindings" {
      + etag    = (known after apply)
      + id      = (known after apply)
      + members = [
          + "serviceAccount:iac-pf-rw@rjh01-prod-iac-core-0.iam.gserviceaccount.com",
        ]
      + org_id  = "845016637229"
      + role    = "roles/orgpolicy.policyAdmin"

      + condition {
          + expression = "resource.matchTag('845016637229/context', 'project-factory')"
          + title      = "Project factory org policy admin"
        }
    }

  # module.organization-iam[0].google_organization_iam_binding.bindings["pf_org_policy_viewer"] will be created
  + resource "google_organization_iam_binding" "bindings" {
      + etag    = (known after apply)
      + id      = (known after apply)
      + members = [
          + "serviceAccount:iac-pf-ro@rjh01-prod-iac-core-0.iam.gserviceaccount.com",
        ]
      + org_id  = "845016637229"
      + role    = "roles/orgpolicy.policyViewer"

      + condition {
          + expression = "resource.matchTag('845016637229/context', 'project-factory')"
          + title      = "Project factory org policy viewer"
        }
    }

  # module.organization-iam[0].google_project_iam_member.bucket-sinks-binding["audit-logs"] will be created
  + resource "google_project_iam_member" "bucket-sinks-binding" {
      + etag    = (known after apply)
      + id      = (known after apply)
      + member  = (known after apply)
      + project = (known after apply)
      + role    = "roles/logging.bucketWriter"

      + condition {
          + description = (known after apply)
          + expression  = (known after apply)
          + title       = "audit-logs bucket writer"
        }
    }

  # module.organization-iam[0].google_project_iam_member.bucket-sinks-binding["iam"] will be created
  + resource "google_project_iam_member" "bucket-sinks-binding" {
      + etag    = (known after apply)
      + id      = (known after apply)
      + member  = (known after apply)
      + project = (known after apply)
      + role    = "roles/logging.bucketWriter"

      + condition {
          + description = (known after apply)
          + expression  = (known after apply)
          + title       = "iam bucket writer"
        }
    }

  # module.organization-iam[0].google_project_iam_member.bucket-sinks-binding["vpc-sc"] will be created
  + resource "google_project_iam_member" "bucket-sinks-binding" {
      + etag    = (known after apply)
      + id      = (known after apply)
      + member  = (known after apply)
      + project = (known after apply)
      + role    = "roles/logging.bucketWriter"

      + condition {
          + description = (known after apply)
          + expression  = (known after apply)
          + title       = "vpc-sc bucket writer"
        }
    }

  # module.organization-iam[0].google_tags_tag_value_iam_binding.default["environment/development:roles/resourcemanager.tagUser"] will be created
  + resource "google_tags_tag_value_iam_binding" "default" {
      + etag      = (known after apply)
      + id        = (known after apply)
      + members   = [
          + "serviceAccount:iac-networking-rw@rjh01-prod-iac-core-0.iam.gserviceaccount.com",
          + "serviceAccount:iac-pf-rw@rjh01-prod-iac-core-0.iam.gserviceaccount.com",
          + "serviceAccount:iac-security-rw@rjh01-prod-iac-core-0.iam.gserviceaccount.com",
        ]
      + role      = "roles/resourcemanager.tagUser"
      + tag_value = (known after apply)
    }

  # module.organization-iam[0].google_tags_tag_value_iam_binding.default["environment/development:roles/resourcemanager.tagViewer"] will be created
  + resource "google_tags_tag_value_iam_binding" "default" {
      + etag      = (known after apply)
      + id        = (known after apply)
      + members   = [
          + "serviceAccount:iac-networking-ro@rjh01-prod-iac-core-0.iam.gserviceaccount.com",
          + "serviceAccount:iac-pf-ro@rjh01-prod-iac-core-0.iam.gserviceaccount.com",
          + "serviceAccount:iac-security-ro@rjh01-prod-iac-core-0.iam.gserviceaccount.com",
        ]
      + role      = "roles/resourcemanager.tagViewer"
      + tag_value = (known after apply)
    }

  # module.organization-iam[0].google_tags_tag_value_iam_binding.default["environment/production:roles/resourcemanager.tagUser"] will be created
  + resource "google_tags_tag_value_iam_binding" "default" {
      + etag      = (known after apply)
      + id        = (known after apply)
      + members   = [
          + "serviceAccount:iac-networking-rw@rjh01-prod-iac-core-0.iam.gserviceaccount.com",
          + "serviceAccount:iac-pf-rw@rjh01-prod-iac-core-0.iam.gserviceaccount.com",
          + "serviceAccount:iac-security-rw@rjh01-prod-iac-core-0.iam.gserviceaccount.com",
        ]
      + role      = "roles/resourcemanager.tagUser"
      + tag_value = (known after apply)
    }

  # module.organization-iam[0].google_tags_tag_value_iam_binding.default["environment/production:roles/resourcemanager.tagViewer"] will be created
  + resource "google_tags_tag_value_iam_binding" "default" {
      + etag      = (known after apply)
      + id        = (known after apply)
      + members   = [
          + "serviceAccount:iac-networking-ro@rjh01-prod-iac-core-0.iam.gserviceaccount.com",
          + "serviceAccount:iac-pf-ro@rjh01-prod-iac-core-0.iam.gserviceaccount.com",
          + "serviceAccount:iac-security-ro@rjh01-prod-iac-core-0.iam.gserviceaccount.com",
        ]
      + role      = "roles/resourcemanager.tagViewer"
      + tag_value = (known after apply)
    }

  # module.factory.module.bigquery-datasets["billing-0/billing_export"].google_bigquery_dataset.default will be created
  + resource "google_bigquery_dataset" "default" {
      + creation_time              = (known after apply)
      + dataset_id                 = "billing_export"
      + default_collation          = (known after apply)
      + delete_contents_on_destroy = false
      + description                = "Terraform managed."
      + effective_labels           = {
          + "goog-terraform-provisioned" = "true"
        }
      + etag                       = (known after apply)
      + friendly_name              = "Billing export"
      + id                         = (known after apply)
      + is_case_insensitive        = (known after apply)
      + last_modified_time         = (known after apply)
      + location                   = "europe-west2"
      + max_time_travel_hours      = "168"
      + project                    = "rjh01-prod-billing-exp-0"
      + self_link                  = (known after apply)
      + storage_billing_model      = (known after apply)
      + terraform_labels           = {
          + "goog-terraform-provisioned" = "true"
        }

      + access (known after apply)
    }

  # module.factory.module.buckets["iac-0/iac-org-state"].google_storage_bucket.bucket[0] will be created
  + resource "google_storage_bucket" "bucket" {
      + effective_labels            = {
          + "goog-terraform-provisioned" = "true"
        }
      + force_destroy               = false
      + id                          = (known after apply)
      + location                    = "EUROPE-WEST2"
      + name                        = "rjh01-prod-iac-core-0-iac-org-state"
      + project                     = "rjh01-prod-iac-core-0"
      + project_number              = (known after apply)
      + public_access_prevention    = (known after apply)
      + rpo                         = (known after apply)
      + self_link                   = (known after apply)
      + storage_class               = "STANDARD"
      + terraform_labels            = {
          + "goog-terraform-provisioned" = "true"
        }
      + time_created                = (known after apply)
      + uniform_bucket_level_access = true
      + updated                     = (known after apply)
      + url                         = (known after apply)

      + soft_delete_policy (known after apply)

      + versioning {
          + enabled = true
        }

      + website (known after apply)
    }

  # module.factory.module.buckets["iac-0/iac-org-state"].google_storage_bucket_iam_binding.authoritative["$custom_roles:storage_viewer"] will be created
  + resource "google_storage_bucket_iam_binding" "authoritative" {
      + bucket  = "rjh01-prod-iac-core-0-iac-org-state"
      + etag    = (known after apply)
      + id      = (known after apply)
      + members = (known after apply)
      + role    = "organizations/845016637229/roles/storageViewer"
    }

  # module.factory.module.buckets["iac-0/iac-org-state"].google_storage_bucket_iam_binding.authoritative["roles/storage.admin"] will be created
  + resource "google_storage_bucket_iam_binding" "authoritative" {
      + bucket  = "rjh01-prod-iac-core-0-iac-org-state"
      + etag    = (known after apply)
      + id      = (known after apply)
      + members = (known after apply)
      + role    = "roles/storage.admin"
    }

  # module.factory.module.buckets["iac-0/iac-outputs"].google_storage_bucket.bucket[0] will be created
  + resource "google_storage_bucket" "bucket" {
      + effective_labels            = {
          + "goog-terraform-provisioned" = "true"
        }
      + force_destroy               = false
      + id                          = (known after apply)
      + location                    = "EUROPE-WEST2"
      + name                        = "rjh01-prod-iac-core-0-iac-outputs"
      + project                     = "rjh01-prod-iac-core-0"
      + project_number              = (known after apply)
      + public_access_prevention    = (known after apply)
      + rpo                         = (known after apply)
      + self_link                   = (known after apply)
      + storage_class               = "STANDARD"
      + terraform_labels            = {
          + "goog-terraform-provisioned" = "true"
        }
      + time_created                = (known after apply)
      + uniform_bucket_level_access = true
      + updated                     = (known after apply)
      + url                         = (known after apply)

      + soft_delete_policy (known after apply)

      + versioning {
          + enabled = true
        }

      + website (known after apply)
    }

  # module.factory.module.buckets["iac-0/iac-outputs"].google_storage_bucket_iam_binding.authoritative["$custom_roles:storage_viewer"] will be created
  + resource "google_storage_bucket_iam_binding" "authoritative" {
      + bucket  = "rjh01-prod-iac-core-0-iac-outputs"
      + etag    = (known after apply)
      + id      = (known after apply)
      + members = (known after apply)
      + role    = "organizations/845016637229/roles/storageViewer"
    }

  # module.factory.module.buckets["iac-0/iac-outputs"].google_storage_bucket_iam_binding.authoritative["roles/storage.admin"] will be created
  + resource "google_storage_bucket_iam_binding" "authoritative" {
      + bucket  = "rjh01-prod-iac-core-0-iac-outputs"
      + etag    = (known after apply)
      + id      = (known after apply)
      + members = (known after apply)
      + role    = "roles/storage.admin"
    }

  # module.factory.module.buckets["iac-0/iac-stage-state"].google_storage_bucket.bucket[0] will be created
  + resource "google_storage_bucket" "bucket" {
      + effective_labels            = {
          + "goog-terraform-provisioned" = "true"
        }
      + force_destroy               = false
      + id                          = (known after apply)
      + location                    = "EUROPE-WEST2"
      + name                        = "rjh01-prod-iac-core-0-iac-stage-state"
      + project                     = "rjh01-prod-iac-core-0"
      + project_number              = (known after apply)
      + public_access_prevention    = (known after apply)
      + rpo                         = (known after apply)
      + self_link                   = (known after apply)
      + storage_class               = "STANDARD"
      + terraform_labels            = {
          + "goog-terraform-provisioned" = "true"
        }
      + time_created                = (known after apply)
      + uniform_bucket_level_access = true
      + updated                     = (known after apply)
      + url                         = (known after apply)

      + soft_delete_policy (known after apply)

      + versioning {
          + enabled = true
        }

      + website (known after apply)
    }

  # module.factory.module.buckets["iac-0/iac-stage-state"].google_storage_managed_folder.folder["1-vpcsc/"] will be created
  + resource "google_storage_managed_folder" "folder" {
      + bucket         = "rjh01-prod-iac-core-0-iac-stage-state"
      + create_time    = (known after apply)
      + force_destroy  = false
      + id             = (known after apply)
      + metageneration = (known after apply)
      + name           = "1-vpcsc/"
      + self_link      = (known after apply)
      + update_time    = (known after apply)
    }

  # module.factory.module.buckets["iac-0/iac-stage-state"].google_storage_managed_folder.folder["2-networking/"] will be created
  + resource "google_storage_managed_folder" "folder" {
      + bucket         = "rjh01-prod-iac-core-0-iac-stage-state"
      + create_time    = (known after apply)
      + force_destroy  = false
      + id             = (known after apply)
      + metageneration = (known after apply)
      + name           = "2-networking/"
      + self_link      = (known after apply)
      + update_time    = (known after apply)
    }

  # module.factory.module.buckets["iac-0/iac-stage-state"].google_storage_managed_folder.folder["2-project-factory/"] will be created
  + resource "google_storage_managed_folder" "folder" {
      + bucket         = "rjh01-prod-iac-core-0-iac-stage-state"
      + create_time    = (known after apply)
      + force_destroy  = false
      + id             = (known after apply)
      + metageneration = (known after apply)
      + name           = "2-project-factory/"
      + self_link      = (known after apply)
      + update_time    = (known after apply)
    }

  # module.factory.module.buckets["iac-0/iac-stage-state"].google_storage_managed_folder.folder["2-security/"] will be created
  + resource "google_storage_managed_folder" "folder" {
      + bucket         = "rjh01-prod-iac-core-0-iac-stage-state"
      + create_time    = (known after apply)
      + force_destroy  = false
      + id             = (known after apply)
      + metageneration = (known after apply)
      + name           = "2-security/"
      + self_link      = (known after apply)
      + update_time    = (known after apply)
    }

  # module.factory.module.buckets["iac-0/iac-stage-state"].google_storage_managed_folder.folder["3-data-platform-dev/"] will be created
  + resource "google_storage_managed_folder" "folder" {
      + bucket         = "rjh01-prod-iac-core-0-iac-stage-state"
      + create_time    = (known after apply)
      + force_destroy  = false
      + id             = (known after apply)
      + metageneration = (known after apply)
      + name           = "3-data-platform-dev/"
      + self_link      = (known after apply)
      + update_time    = (known after apply)
    }

  # module.factory.module.buckets["iac-0/iac-stage-state"].google_storage_managed_folder_iam_binding.authoritative["1-vpcsc/$custom_roles:storage_viewer"] will be created
  + resource "google_storage_managed_folder_iam_binding" "authoritative" {
      + bucket         = "rjh01-prod-iac-core-0-iac-stage-state"
      + etag           = (known after apply)
      + id             = (known after apply)
      + managed_folder = "1-vpcsc/"
      + members        = (known after apply)
      + role           = "organizations/845016637229/roles/storageViewer"
    }

  # module.factory.module.buckets["iac-0/iac-stage-state"].google_storage_managed_folder_iam_binding.authoritative["1-vpcsc/roles/storage.admin"] will be created
  + resource "google_storage_managed_folder_iam_binding" "authoritative" {
      + bucket         = "rjh01-prod-iac-core-0-iac-stage-state"
      + etag           = (known after apply)
      + id             = (known after apply)
      + managed_folder = "1-vpcsc/"
      + members        = (known after apply)
      + role           = "roles/storage.admin"
    }

  # module.factory.module.buckets["iac-0/iac-stage-state"].google_storage_managed_folder_iam_binding.authoritative["2-networking/$custom_roles:storage_viewer"] will be created
  + resource "google_storage_managed_folder_iam_binding" "authoritative" {
      + bucket         = "rjh01-prod-iac-core-0-iac-stage-state"
      + etag           = (known after apply)
      + id             = (known after apply)
      + managed_folder = "2-networking/"
      + members        = (known after apply)
      + role           = "organizations/845016637229/roles/storageViewer"
    }

  # module.factory.module.buckets["iac-0/iac-stage-state"].google_storage_managed_folder_iam_binding.authoritative["2-networking/roles/storage.admin"] will be created
  + resource "google_storage_managed_folder_iam_binding" "authoritative" {
      + bucket         = "rjh01-prod-iac-core-0-iac-stage-state"
      + etag           = (known after apply)
      + id             = (known after apply)
      + managed_folder = "2-networking/"
      + members        = (known after apply)
      + role           = "roles/storage.admin"
    }

  # module.factory.module.buckets["iac-0/iac-stage-state"].google_storage_managed_folder_iam_binding.authoritative["2-project-factory/$custom_roles:storage_viewer"] will be created
  + resource "google_storage_managed_folder_iam_binding" "authoritative" {
      + bucket         = "rjh01-prod-iac-core-0-iac-stage-state"
      + etag           = (known after apply)
      + id             = (known after apply)
      + managed_folder = "2-project-factory/"
      + members        = (known after apply)
      + role           = "organizations/845016637229/roles/storageViewer"
    }

  # module.factory.module.buckets["iac-0/iac-stage-state"].google_storage_managed_folder_iam_binding.authoritative["2-project-factory/roles/storage.admin"] will be created
  + resource "google_storage_managed_folder_iam_binding" "authoritative" {
      + bucket         = "rjh01-prod-iac-core-0-iac-stage-state"
      + etag           = (known after apply)
      + id             = (known after apply)
      + managed_folder = "2-project-factory/"
      + members        = (known after apply)
      + role           = "roles/storage.admin"
    }

  # module.factory.module.buckets["iac-0/iac-stage-state"].google_storage_managed_folder_iam_binding.authoritative["2-security/$custom_roles:storage_viewer"] will be created
  + resource "google_storage_managed_folder_iam_binding" "authoritative" {
      + bucket         = "rjh01-prod-iac-core-0-iac-stage-state"
      + etag           = (known after apply)
      + id             = (known after apply)
      + managed_folder = "2-security/"
      + members        = (known after apply)
      + role           = "organizations/845016637229/roles/storageViewer"
    }

  # module.factory.module.buckets["iac-0/iac-stage-state"].google_storage_managed_folder_iam_binding.authoritative["2-security/roles/storage.admin"] will be created
  + resource "google_storage_managed_folder_iam_binding" "authoritative" {
      + bucket         = "rjh01-prod-iac-core-0-iac-stage-state"
      + etag           = (known after apply)
      + id             = (known after apply)
      + managed_folder = "2-security/"
      + members        = (known after apply)
      + role           = "roles/storage.admin"
    }

  # module.factory.module.buckets["iac-0/iac-stage-state"].google_storage_managed_folder_iam_binding.authoritative["3-data-platform-dev/$custom_roles:storage_viewer"] will be created
  + resource "google_storage_managed_folder_iam_binding" "authoritative" {
      + bucket         = "rjh01-prod-iac-core-0-iac-stage-state"
      + etag           = (known after apply)
      + id             = (known after apply)
      + managed_folder = "3-data-platform-dev/"
      + members        = (known after apply)
      + role           = "organizations/845016637229/roles/storageViewer"
    }

  # module.factory.module.buckets["iac-0/iac-stage-state"].google_storage_managed_folder_iam_binding.authoritative["3-data-platform-dev/roles/storage.admin"] will be created
  + resource "google_storage_managed_folder_iam_binding" "authoritative" {
      + bucket         = "rjh01-prod-iac-core-0-iac-stage-state"
      + etag           = (known after apply)
      + id             = (known after apply)
      + managed_folder = "3-data-platform-dev/"
      + members        = (known after apply)
      + role           = "roles/storage.admin"
    }

  # module.factory.module.folder-1["data-platform"].google_folder.folder[0] will be created
  + resource "google_folder" "folder" {
      + configured_capabilities = (known after apply)
      + create_time             = (known after apply)
      + deletion_protection     = false
      + display_name            = "Data Platform"
      + folder_id               = (known after apply)
      + id                      = (known after apply)
      + lifecycle_state         = (known after apply)
      + management_project      = (known after apply)
      + name                    = (known after apply)
      + parent                  = "organizations/845016637229"
    }

  # module.factory.module.folder-1["data-platform\\dev"].google_folder.folder[0] will be created
  + resource "google_folder" "folder" {
      + configured_capabilities = (known after apply)
      + create_time             = (known after apply)
      + deletion_protection     = false
      + display_name            = "Development"
      + folder_id               = (known after apply)
      + id                      = (known after apply)
      + lifecycle_state         = (known after apply)
      + management_project      = (known after apply)
      + name                    = (known after apply)
      + parent                  = "organizations/845016637229"
    }

  # module.factory.module.folder-1["data-platform\\dev"].google_tags_tag_binding.binding["environment"] will be created
  + resource "google_tags_tag_binding" "binding" {
      + id        = (known after apply)
      + name      = (known after apply)
      + parent    = (known after apply)
      + tag_value = (known after apply)
    }

  # module.factory.module.folder-1["data-platform\\prod"].google_folder.folder[0] will be created
  + resource "google_folder" "folder" {
      + configured_capabilities = (known after apply)
      + create_time             = (known after apply)
      + deletion_protection     = false
      + display_name            = "Production"
      + folder_id               = (known after apply)
      + id                      = (known after apply)
      + lifecycle_state         = (known after apply)
      + management_project      = (known after apply)
      + name                    = (known after apply)
      + parent                  = "organizations/845016637229"
    }

  # module.factory.module.folder-1["data-platform\\prod"].google_tags_tag_binding.binding["environment"] will be created
  + resource "google_tags_tag_binding" "binding" {
      + id        = (known after apply)
      + name      = (known after apply)
      + parent    = (known after apply)
      + tag_value = (known after apply)
    }

  # module.factory.module.folder-1["networking"].google_folder.folder[0] will be created
  + resource "google_folder" "folder" {
      + configured_capabilities = (known after apply)
      + create_time             = (known after apply)
      + deletion_protection     = false
      + display_name            = "Networking"
      + folder_id               = (known after apply)
      + id                      = (known after apply)
      + lifecycle_state         = (known after apply)
      + management_project      = (known after apply)
      + name                    = (known after apply)
      + parent                  = "organizations/845016637229"
    }

  # module.factory.module.folder-1["networking\\dev"].google_folder.folder[0] will be created
  + resource "google_folder" "folder" {
      + configured_capabilities = (known after apply)
      + create_time             = (known after apply)
      + deletion_protection     = false
      + display_name            = "Development"
      + folder_id               = (known after apply)
      + id                      = (known after apply)
      + lifecycle_state         = (known after apply)
      + management_project      = (known after apply)
      + name                    = (known after apply)
      + parent                  = "organizations/845016637229"
    }

  # module.factory.module.folder-1["networking\\dev"].google_tags_tag_binding.binding["environment"] will be created
  + resource "google_tags_tag_binding" "binding" {
      + id        = (known after apply)
      + name      = (known after apply)
      + parent    = (known after apply)
      + tag_value = (known after apply)
    }

  # module.factory.module.folder-1["networking\\prod"].google_folder.folder[0] will be created
  + resource "google_folder" "folder" {
      + configured_capabilities = (known after apply)
      + create_time             = (known after apply)
      + deletion_protection     = false
      + display_name            = "Production"
      + folder_id               = (known after apply)
      + id                      = (known after apply)
      + lifecycle_state         = (known after apply)
      + management_project      = (known after apply)
      + name                    = (known after apply)
      + parent                  = "organizations/845016637229"
    }

  # module.factory.module.folder-1["networking\\prod"].google_tags_tag_binding.binding["environment"] will be created
  + resource "google_tags_tag_binding" "binding" {
      + id        = (known after apply)
      + name      = (known after apply)
      + parent    = (known after apply)
      + tag_value = (known after apply)
    }

  # module.factory.module.folder-1["security"].google_folder.folder[0] will be created
  + resource "google_folder" "folder" {
      + configured_capabilities = (known after apply)
      + create_time             = (known after apply)
      + deletion_protection     = false
      + display_name            = "Security"
      + folder_id               = (known after apply)
      + id                      = (known after apply)
      + lifecycle_state         = (known after apply)
      + management_project      = (known after apply)
      + name                    = (known after apply)
      + parent                  = "organizations/845016637229"
    }

  # module.factory.module.folder-1["security\\dev"].google_folder.folder[0] will be created
  + resource "google_folder" "folder" {
      + configured_capabilities = (known after apply)
      + create_time             = (known after apply)
      + deletion_protection     = false
      + display_name            = "Development"
      + folder_id               = (known after apply)
      + id                      = (known after apply)
      + lifecycle_state         = (known after apply)
      + management_project      = (known after apply)
      + name                    = (known after apply)
      + parent                  = "$folder_ids:security"
    }

  # module.factory.module.folder-1["security\\dev"].google_tags_tag_binding.binding["environment"] will be created
  + resource "google_tags_tag_binding" "binding" {
      + id        = (known after apply)
      + name      = (known after apply)
      + parent    = (known after apply)
      + tag_value = (known after apply)
    }

  # module.factory.module.folder-1["security\\prod"].google_folder.folder[0] will be created
  + resource "google_folder" "folder" {
      + configured_capabilities = (known after apply)
      + create_time             = (known after apply)
      + deletion_protection     = false
      + display_name            = "Production"
      + folder_id               = (known after apply)
      + id                      = (known after apply)
      + lifecycle_state         = (known after apply)
      + management_project      = (known after apply)
      + name                    = (known after apply)
      + parent                  = "$folder_ids:security"
    }

  # module.factory.module.folder-1["security\\prod"].google_tags_tag_binding.binding["environment"] will be created
  + resource "google_tags_tag_binding" "binding" {
      + id        = (known after apply)
      + name      = (known after apply)
      + parent    = (known after apply)
      + tag_value = (known after apply)
    }

  # module.factory.module.folder-1["teams"].google_folder.folder[0] will be created
  + resource "google_folder" "folder" {
      + configured_capabilities = (known after apply)
      + create_time             = (known after apply)
      + deletion_protection     = false
      + display_name            = "Teams"
      + folder_id               = (known after apply)
      + id                      = (known after apply)
      + lifecycle_state         = (known after apply)
      + management_project      = (known after apply)
      + name                    = (known after apply)
      + parent                  = "organizations/845016637229"
    }

  # module.factory.module.folder-1["teams"].google_tags_tag_binding.binding["context"] will be created
  + resource "google_tags_tag_binding" "binding" {
      + id        = (known after apply)
      + name      = (known after apply)
      + parent    = (known after apply)
      + tag_value = (known after apply)
    }

  # module.factory.module.folder-1-iam["data-platform\\dev"].google_folder_iam_binding.authoritative["roles/compute.xpnAdmin"] will be created
  + resource "google_folder_iam_binding" "authoritative" {
      + etag    = (known after apply)
      + folder  = (known after apply)
      + id      = (known after apply)
      + members = (known after apply)
      + role    = "roles/compute.xpnAdmin"
    }

  # module.factory.module.folder-1-iam["data-platform\\dev"].google_folder_iam_binding.authoritative["roles/logging.admin"] will be created
  + resource "google_folder_iam_binding" "authoritative" {
      + etag    = (known after apply)
      + folder  = (known after apply)
      + id      = (known after apply)
      + members = (known after apply)
      + role    = "roles/logging.admin"
    }

  # module.factory.module.folder-1-iam["data-platform\\dev"].google_folder_iam_binding.authoritative["roles/owner"] will be created
  + resource "google_folder_iam_binding" "authoritative" {
      + etag    = (known after apply)
      + folder  = (known after apply)
      + id      = (known after apply)
      + members = (known after apply)
      + role    = "roles/owner"
    }

  # module.factory.module.folder-1-iam["data-platform\\dev"].google_folder_iam_binding.authoritative["roles/resourcemanager.folderAdmin"] will be created
  + resource "google_folder_iam_binding" "authoritative" {
      + etag    = (known after apply)
      + folder  = (known after apply)
      + id      = (known after apply)
      + members = (known after apply)
      + role    = "roles/resourcemanager.folderAdmin"
    }

  # module.factory.module.folder-1-iam["data-platform\\dev"].google_folder_iam_binding.authoritative["roles/resourcemanager.folderViewer"] will be created
  + resource "google_folder_iam_binding" "authoritative" {
      + etag    = (known after apply)
      + folder  = (known after apply)
      + id      = (known after apply)
      + members = (known after apply)
      + role    = "roles/resourcemanager.folderViewer"
    }

  # module.factory.module.folder-1-iam["data-platform\\dev"].google_folder_iam_binding.authoritative["roles/resourcemanager.projectCreator"] will be created
  + resource "google_folder_iam_binding" "authoritative" {
      + etag    = (known after apply)
      + folder  = (known after apply)
      + id      = (known after apply)
      + members = (known after apply)
      + role    = "roles/resourcemanager.projectCreator"
    }

  # module.factory.module.folder-1-iam["data-platform\\dev"].google_folder_iam_binding.authoritative["roles/viewer"] will be created
  + resource "google_folder_iam_binding" "authoritative" {
      + etag    = (known after apply)
      + folder  = (known after apply)
      + id      = (known after apply)
      + members = (known after apply)
      + role    = "roles/viewer"
    }

  # module.factory.module.folder-1-iam["networking"].google_folder_iam_binding.authoritative["$custom_roles:project_iam_viewer"] will be created
  + resource "google_folder_iam_binding" "authoritative" {
      + etag    = (known after apply)
      + folder  = (known after apply)
      + id      = (known after apply)
      + members = (known after apply)
      + role    = "organizations/845016637229/roles/projectIamViewer"
    }

  # module.factory.module.folder-1-iam["networking"].google_folder_iam_binding.authoritative["$custom_roles:service_project_network_admin"] will be created
  + resource "google_folder_iam_binding" "authoritative" {
      + etag    = (known after apply)
      + folder  = (known after apply)
      + id      = (known after apply)
      + members = (known after apply)
      + role    = "organizations/845016637229/roles/serviceProjectNetworkAdmin"
    }

  # module.factory.module.folder-1-iam["networking"].google_folder_iam_binding.authoritative["roles/compute.viewer"] will be created
  + resource "google_folder_iam_binding" "authoritative" {
      + etag    = (known after apply)
      + folder  = (known after apply)
      + id      = (known after apply)
      + members = (known after apply)
      + role    = "roles/compute.viewer"
    }

  # module.factory.module.folder-1-iam["networking"].google_folder_iam_binding.authoritative["roles/compute.xpnAdmin"] will be created
  + resource "google_folder_iam_binding" "authoritative" {
      + etag    = (known after apply)
      + folder  = (known after apply)
      + id      = (known after apply)
      + members = (known after apply)
      + role    = "roles/compute.xpnAdmin"
    }

  # module.factory.module.folder-1-iam["networking"].google_folder_iam_binding.authoritative["roles/logging.admin"] will be created
  + resource "google_folder_iam_binding" "authoritative" {
      + etag    = (known after apply)
      + folder  = (known after apply)
      + id      = (known after apply)
      + members = (known after apply)
      + role    = "roles/logging.admin"
    }

  # module.factory.module.folder-1-iam["networking"].google_folder_iam_binding.authoritative["roles/owner"] will be created
  + resource "google_folder_iam_binding" "authoritative" {
      + etag    = (known after apply)
      + folder  = (known after apply)
      + id      = (known after apply)
      + members = (known after apply)
      + role    = "roles/owner"
    }

  # module.factory.module.folder-1-iam["networking"].google_folder_iam_binding.authoritative["roles/resourcemanager.folderAdmin"] will be created
  + resource "google_folder_iam_binding" "authoritative" {
      + etag    = (known after apply)
      + folder  = (known after apply)
      + id      = (known after apply)
      + members = (known after apply)
      + role    = "roles/resourcemanager.folderAdmin"
    }

  # module.factory.module.folder-1-iam["networking"].google_folder_iam_binding.authoritative["roles/resourcemanager.folderViewer"] will be created
  + resource "google_folder_iam_binding" "authoritative" {
      + etag    = (known after apply)
      + folder  = (known after apply)
      + id      = (known after apply)
      + members = (known after apply)
      + role    = "roles/resourcemanager.folderViewer"
    }

  # module.factory.module.folder-1-iam["networking"].google_folder_iam_binding.authoritative["roles/resourcemanager.projectCreator"] will be created
  + resource "google_folder_iam_binding" "authoritative" {
      + etag    = (known after apply)
      + folder  = (known after apply)
      + id      = (known after apply)
      + members = (known after apply)
      + role    = "roles/resourcemanager.projectCreator"
    }

  # module.factory.module.folder-1-iam["networking"].google_folder_iam_binding.authoritative["roles/resourcemanager.tagUser"] will be created
  + resource "google_folder_iam_binding" "authoritative" {
      + etag    = (known after apply)
      + folder  = (known after apply)
      + id      = (known after apply)
      + members = (known after apply)
      + role    = "roles/resourcemanager.tagUser"
    }

  # module.factory.module.folder-1-iam["networking"].google_folder_iam_binding.authoritative["roles/resourcemanager.tagViewer"] will be created
  + resource "google_folder_iam_binding" "authoritative" {
      + etag    = (known after apply)
      + folder  = (known after apply)
      + id      = (known after apply)
      + members = (known after apply)
      + role    = "roles/resourcemanager.tagViewer"
    }

  # module.factory.module.folder-1-iam["networking"].google_folder_iam_binding.authoritative["roles/viewer"] will be created
  + resource "google_folder_iam_binding" "authoritative" {
      + etag    = (known after apply)
      + folder  = (known after apply)
      + id      = (known after apply)
      + members = (known after apply)
      + role    = "roles/viewer"
    }

  # module.factory.module.folder-1-iam["networking"].google_folder_iam_binding.bindings["dp_dev_ro"] will be created
  + resource "google_folder_iam_binding" "bindings" {
      + etag    = (known after apply)
      + folder  = (known after apply)
      + id      = (known after apply)
      + members = (known after apply)
      + role    = "roles/compute.networkViewer"

      + condition {
          + expression = <<-EOT
                resource.matchTag('845016637229/environment', 'development')
            EOT
          + title      = "Data platform dev network viewer."
        }
    }

  # module.factory.module.folder-1-iam["networking"].google_folder_iam_binding.bindings["dp_dev_rw"] will be created
  + resource "google_folder_iam_binding" "bindings" {
      + etag    = (known after apply)
      + folder  = (known after apply)
      + id      = (known after apply)
      + members = (known after apply)
      + role    = "organizations/845016637229/roles/serviceProjectNetworkAdmin"

      + condition {
          + expression = <<-EOT
                resource.matchTag('845016637229/environment', 'development')
            EOT
          + title      = "Data platform dev service project admin."
        }
    }

  # module.factory.module.folder-1-iam["networking"].google_folder_iam_binding.bindings["project_factory"] will be created
  + resource "google_folder_iam_binding" "bindings" {
      + etag    = (known after apply)
      + folder  = (known after apply)
      + id      = (known after apply)
      + members = (known after apply)
      + role    = "roles/resourcemanager.projectIamAdmin"

      + condition {
          + expression = <<-EOT
                api.getAttribute('iam.googleapis.com/modifiedGrantsByRole', []).hasOnly([
                  'roles/compute.networkUser', 'roles/composer.sharedVpcAgent',
                  'roles/container.hostServiceAgentUser', 'roles/vpcaccess.user'
                ])
            EOT
          + title      = "Project factory delegated IAM grant."
        }
    }

  # module.factory.module.folder-1-iam["networking\\dev"].google_folder_iam_binding.authoritative["$custom_roles:project_iam_viewer"] will be created
  + resource "google_folder_iam_binding" "authoritative" {
      + etag    = (known after apply)
      + folder  = (known after apply)
      + id      = (known after apply)
      + members = (known after apply)
      + role    = "organizations/845016637229/roles/projectIamViewer"
    }

  # module.factory.module.folder-1-iam["networking\\dev"].google_folder_iam_binding.bindings["dp_dev"] will be created
  + resource "google_folder_iam_binding" "bindings" {
      + etag    = (known after apply)
      + folder  = (known after apply)
      + id      = (known after apply)
      + members = (known after apply)
      + role    = "roles/resourcemanager.projectIamAdmin"

      + condition {
          + expression = <<-EOT
                api.getAttribute('iam.googleapis.com/modifiedGrantsByRole', []).hasOnly([
                  'organizations/845016637229/roles/serviceProjectNetworkAdmin'
                ])
            EOT
          + title      = "Data platform dev delegated IAM grant."
        }
    }

  # module.factory.module.folder-1-iam["security"].google_folder_iam_binding.authoritative["$custom_roles:project_iam_viewer"] will be created
  + resource "google_folder_iam_binding" "authoritative" {
      + etag    = (known after apply)
      + folder  = (known after apply)
      + id      = (known after apply)
      + members = (known after apply)
      + role    = "organizations/845016637229/roles/projectIamViewer"
    }

  # module.factory.module.folder-1-iam["security"].google_folder_iam_binding.authoritative["roles/cloudkms.cryptoKeyEncrypterDecrypter"] will be created
  + resource "google_folder_iam_binding" "authoritative" {
      + etag    = (known after apply)
      + folder  = (known after apply)
      + id      = (known after apply)
      + members = (known after apply)
      + role    = "roles/cloudkms.cryptoKeyEncrypterDecrypter"
    }

  # module.factory.module.folder-1-iam["security"].google_folder_iam_binding.authoritative["roles/cloudkms.viewer"] will be created
  + resource "google_folder_iam_binding" "authoritative" {
      + etag    = (known after apply)
      + folder  = (known after apply)
      + id      = (known after apply)
      + members = (known after apply)
      + role    = "roles/cloudkms.viewer"
    }

  # module.factory.module.folder-1-iam["security"].google_folder_iam_binding.authoritative["roles/logging.admin"] will be created
  + resource "google_folder_iam_binding" "authoritative" {
      + etag    = (known after apply)
      + folder  = (known after apply)
      + id      = (known after apply)
      + members = (known after apply)
      + role    = "roles/logging.admin"
    }

  # module.factory.module.folder-1-iam["security"].google_folder_iam_binding.authoritative["roles/owner"] will be created
  + resource "google_folder_iam_binding" "authoritative" {
      + etag    = (known after apply)
      + folder  = (known after apply)
      + id      = (known after apply)
      + members = (known after apply)
      + role    = "roles/owner"
    }

  # module.factory.module.folder-1-iam["security"].google_folder_iam_binding.authoritative["roles/resourcemanager.folderAdmin"] will be created
  + resource "google_folder_iam_binding" "authoritative" {
      + etag    = (known after apply)
      + folder  = (known after apply)
      + id      = (known after apply)
      + members = (known after apply)
      + role    = "roles/resourcemanager.folderAdmin"
    }

  # module.factory.module.folder-1-iam["security"].google_folder_iam_binding.authoritative["roles/resourcemanager.folderViewer"] will be created
  + resource "google_folder_iam_binding" "authoritative" {
      + etag    = (known after apply)
      + folder  = (known after apply)
      + id      = (known after apply)
      + members = (known after apply)
      + role    = "roles/resourcemanager.folderViewer"
    }

  # module.factory.module.folder-1-iam["security"].google_folder_iam_binding.authoritative["roles/resourcemanager.projectCreator"] will be created
  + resource "google_folder_iam_binding" "authoritative" {
      + etag    = (known after apply)
      + folder  = (known after apply)
      + id      = (known after apply)
      + members = (known after apply)
      + role    = "roles/resourcemanager.projectCreator"
    }

  # module.factory.module.folder-1-iam["security"].google_folder_iam_binding.authoritative["roles/resourcemanager.tagUser"] will be created
  + resource "google_folder_iam_binding" "authoritative" {
      + etag    = (known after apply)
      + folder  = (known after apply)
      + id      = (known after apply)
      + members = (known after apply)
      + role    = "roles/resourcemanager.tagUser"
    }

  # module.factory.module.folder-1-iam["security"].google_folder_iam_binding.authoritative["roles/resourcemanager.tagViewer"] will be created
  + resource "google_folder_iam_binding" "authoritative" {
      + etag    = (known after apply)
      + folder  = (known after apply)
      + id      = (known after apply)
      + members = (known after apply)
      + role    = "roles/resourcemanager.tagViewer"
    }

  # module.factory.module.folder-1-iam["security"].google_folder_iam_binding.authoritative["roles/viewer"] will be created
  + resource "google_folder_iam_binding" "authoritative" {
      + etag    = (known after apply)
      + folder  = (known after apply)
      + id      = (known after apply)
      + members = (known after apply)
      + role    = "roles/viewer"
    }

  # module.factory.module.folder-1-iam["security"].google_folder_iam_binding.bindings["project_factory"] will be created
  + resource "google_folder_iam_binding" "bindings" {
      + etag    = (known after apply)
      + folder  = (known after apply)
      + id      = (known after apply)
      + members = (known after apply)
      + role    = "roles/resourcemanager.projectIamAdmin"

      + condition {
          + expression = <<-EOT
                api.getAttribute('iam.googleapis.com/modifiedGrantsByRole', []).hasOnly([
                  'roles/cloudkms.cryptoKeyEncrypterDecrypter'
                ])
            EOT
          + title      = "Project factory delegated IAM grant."
        }
    }

  # module.factory.module.folder-1-iam["teams"].google_folder_iam_binding.authoritative["$custom_roles:service_project_network_admin"] will be created
  + resource "google_folder_iam_binding" "authoritative" {
      + etag    = (known after apply)
      + folder  = (known after apply)
      + id      = (known after apply)
      + members = (known after apply)
      + role    = "organizations/845016637229/roles/serviceProjectNetworkAdmin"
    }

  # module.factory.module.folder-1-iam["teams"].google_folder_iam_binding.authoritative["roles/owner"] will be created
  + resource "google_folder_iam_binding" "authoritative" {
      + etag    = (known after apply)
      + folder  = (known after apply)
      + id      = (known after apply)
      + members = (known after apply)
      + role    = "roles/owner"
    }

  # module.factory.module.folder-1-iam["teams"].google_folder_iam_binding.authoritative["roles/resourcemanager.folderAdmin"] will be created
  + resource "google_folder_iam_binding" "authoritative" {
      + etag    = (known after apply)
      + folder  = (known after apply)
      + id      = (known after apply)
      + members = (known after apply)
      + role    = "roles/resourcemanager.folderAdmin"
    }

  # module.factory.module.folder-1-iam["teams"].google_folder_iam_binding.authoritative["roles/resourcemanager.folderViewer"] will be created
  + resource "google_folder_iam_binding" "authoritative" {
      + etag    = (known after apply)
      + folder  = (known after apply)
      + id      = (known after apply)
      + members = (known after apply)
      + role    = "roles/resourcemanager.folderViewer"
    }

  # module.factory.module.folder-1-iam["teams"].google_folder_iam_binding.authoritative["roles/resourcemanager.projectCreator"] will be created
  + resource "google_folder_iam_binding" "authoritative" {
      + etag    = (known after apply)
      + folder  = (known after apply)
      + id      = (known after apply)
      + members = (known after apply)
      + role    = "roles/resourcemanager.projectCreator"
    }

  # module.factory.module.folder-1-iam["teams"].google_folder_iam_binding.authoritative["roles/resourcemanager.tagUser"] will be created
  + resource "google_folder_iam_binding" "authoritative" {
      + etag    = (known after apply)
      + folder  = (known after apply)
      + id      = (known after apply)
      + members = (known after apply)
      + role    = "roles/resourcemanager.tagUser"
    }

  # module.factory.module.folder-1-iam["teams"].google_folder_iam_binding.authoritative["roles/resourcemanager.tagViewer"] will be created
  + resource "google_folder_iam_binding" "authoritative" {
      + etag    = (known after apply)
      + folder  = (known after apply)
      + id      = (known after apply)
      + members = (known after apply)
      + role    = "roles/resourcemanager.tagViewer"
    }

  # module.factory.module.folder-1-iam["teams"].google_folder_iam_binding.authoritative["roles/viewer"] will be created
  + resource "google_folder_iam_binding" "authoritative" {
      + etag    = (known after apply)
      + folder  = (known after apply)
      + id      = (known after apply)
      + members = (known after apply)
      + role    = "roles/viewer"
    }

  # module.factory.module.log-buckets["log-0/audit-logs"].google_logging_project_bucket_config.bucket[0] will be created
  + resource "google_logging_project_bucket_config" "bucket" {
      + bucket_id        = "audit-logs"
      + description      = (known after apply)
      + enable_analytics = false
      + id               = (known after apply)
      + lifecycle_state  = (known after apply)
      + location         = "europe-west2"
      + name             = (known after apply)
      + project          = "rjh01-prod-audit-logs-0"
      + retention_days   = 30
    }

  # module.factory.module.log-buckets["log-0/iam"].google_logging_project_bucket_config.bucket[0] will be created
  + resource "google_logging_project_bucket_config" "bucket" {
      + bucket_id        = "iam"
      + description      = (known after apply)
      + enable_analytics = false
      + id               = (known after apply)
      + lifecycle_state  = (known after apply)
      + location         = "europe-west2"
      + name             = (known after apply)
      + project          = "rjh01-prod-audit-logs-0"
      + retention_days   = 30
    }

  # module.factory.module.log-buckets["log-0/vpc-sc"].google_logging_project_bucket_config.bucket[0] will be created
  + resource "google_logging_project_bucket_config" "bucket" {
      + bucket_id        = "vpc-sc"
      + description      = (known after apply)
      + enable_analytics = true
      + id               = (known after apply)
      + lifecycle_state  = (known after apply)
      + location         = "europe-west2"
      + name             = (known after apply)
      + project          = "rjh01-prod-audit-logs-0"
      + retention_days   = 31
    }

  # module.factory.module.projects["billing-0"].data.google_bigquery_default_service_account.bq_sa[0] will be read during apply
  # (depends on a resource or a module with changes pending)
 <= data "google_bigquery_default_service_account" "bq_sa" {
      + email   = (known after apply)
      + id      = (known after apply)
      + member  = (known after apply)
      + project = "rjh01-prod-billing-exp-0"
    }

  # module.factory.module.projects["billing-0"].data.google_storage_project_service_account.gcs_sa[0] will be read during apply
  # (depends on a resource or a module with changes pending)
 <= data "google_storage_project_service_account" "gcs_sa" {
      + email_address = (known after apply)
      + id            = (known after apply)
      + member        = (known after apply)
      + project       = "rjh01-prod-billing-exp-0"
    }

  # module.factory.module.projects["billing-0"].google_project.project[0] will be created
  + resource "google_project" "project" {
      + auto_create_network = false
      + billing_account     = "01A7DC-5ED07C-6DF697"
      + deletion_policy     = "DELETE"
      + effective_labels    = {
          + "goog-terraform-provisioned" = "true"
        }
      + id                  = (known after apply)
      + name                = "rjh01-prod-billing-exp-0"
      + number              = (known after apply)
      + org_id              = "845016637229"
      + project_id          = "rjh01-prod-billing-exp-0"
      + terraform_labels    = {
          + "goog-terraform-provisioned" = "true"
        }
    }

  # module.factory.module.projects["billing-0"].google_project_iam_member.service_agents["bigquerydatatransfer"] will be created
  + resource "google_project_iam_member" "service_agents" {
      + etag    = (known after apply)
      + id      = (known after apply)
      + member  = (known after apply)
      + project = "rjh01-prod-billing-exp-0"
      + role    = "roles/bigquerydatatransfer.serviceAgent"
    }

  # module.factory.module.projects["billing-0"].google_project_service.project_services["bigquery.googleapis.com"] will be created
  + resource "google_project_service" "project_services" {
      + disable_dependent_services = false
      + disable_on_destroy         = false
      + id                         = (known after apply)
      + project                    = "rjh01-prod-billing-exp-0"
      + service                    = "bigquery.googleapis.com"
    }

  # module.factory.module.projects["billing-0"].google_project_service.project_services["bigquerydatatransfer.googleapis.com"] will be created
  + resource "google_project_service" "project_services" {
      + disable_dependent_services = false
      + disable_on_destroy         = false
      + id                         = (known after apply)
      + project                    = "rjh01-prod-billing-exp-0"
      + service                    = "bigquerydatatransfer.googleapis.com"
    }

  # module.factory.module.projects["billing-0"].google_project_service.project_services["storage.googleapis.com"] will be created
  + resource "google_project_service" "project_services" {
      + disable_dependent_services = false
      + disable_on_destroy         = false
      + id                         = (known after apply)
      + project                    = "rjh01-prod-billing-exp-0"
      + service                    = "storage.googleapis.com"
    }

  # module.factory.module.projects["billing-0"].google_project_service_identity.default["bigquerydatatransfer.googleapis.com"] will be created
  + resource "google_project_service_identity" "default" {
      + email   = (known after apply)
      + id      = (known after apply)
      + member  = (known after apply)
      + project = "rjh01-prod-billing-exp-0"
      + service = "bigquerydatatransfer.googleapis.com"
    }

  # module.factory.module.projects["iac-0"].data.google_bigquery_default_service_account.bq_sa[0] will be read during apply
  # (depends on a resource or a module with changes pending)
 <= data "google_bigquery_default_service_account" "bq_sa" {
      + email   = (known after apply)
      + id      = (known after apply)
      + member  = (known after apply)
      + project = "rjh01-prod-iac-core-0"
    }

  # module.factory.module.projects["iac-0"].data.google_logging_project_settings.logging_sa[0] will be read during apply
  # (depends on a resource or a module with changes pending)
 <= data "google_logging_project_settings" "logging_sa" {
      + disable_default_sink       = (known after apply)
      + id                         = (known after apply)
      + kms_key_name               = (known after apply)
      + kms_service_account_id     = (known after apply)
      + logging_service_account_id = (known after apply)
      + name                       = (known after apply)
      + project                    = "rjh01-prod-iac-core-0"
      + storage_location           = (known after apply)
    }

  # module.factory.module.projects["iac-0"].data.google_storage_project_service_account.gcs_sa[0] will be read during apply
  # (depends on a resource or a module with changes pending)
 <= data "google_storage_project_service_account" "gcs_sa" {
      + email_address = (known after apply)
      + id            = (known after apply)
      + member        = (known after apply)
      + project       = "rjh01-prod-iac-core-0"
    }

  # module.factory.module.projects["iac-0"].google_org_policy_policy.default["iam.workloadIdentityPoolProviders"] will be created
  + resource "google_org_policy_policy" "default" {
      + etag   = (known after apply)
      + id     = (known after apply)
      + name   = "projects/rjh01-prod-iac-core-0/policies/iam.workloadIdentityPoolProviders"
      + parent = "projects/rjh01-prod-iac-core-0"

      + spec {
          + etag        = (known after apply)
          + update_time = (known after apply)

          + rules {
              + values {
                  + allowed_values = [
                      + "https://token.actions.githubusercontent.com",
                      + "https://gitlab.com",
                      + "https://app.terraform.io",
                    ]
                }
            }
        }
    }

  # module.factory.module.projects["iac-0"].google_project.project[0] will be created
  + resource "google_project" "project" {
      + auto_create_network = false
      + billing_account     = "01A7DC-5ED07C-6DF697"
      + deletion_policy     = "DELETE"
      + effective_labels    = {
          + "goog-terraform-provisioned" = "true"
        }
      + id                  = (known after apply)
      + name                = "rjh01-prod-iac-core-0"
      + number              = (known after apply)
      + org_id              = "845016637229"
      + project_id          = "rjh01-prod-iac-core-0"
      + terraform_labels    = {
          + "goog-terraform-provisioned" = "true"
        }
    }

  # module.factory.module.projects["iac-0"].google_project_iam_member.service_agents["cloudasset"] will be created
  + resource "google_project_iam_member" "service_agents" {
      + etag    = (known after apply)
      + id      = (known after apply)
      + member  = (known after apply)
      + project = "rjh01-prod-iac-core-0"
      + role    = "roles/cloudasset.serviceAgent"
    }

  # module.factory.module.projects["iac-0"].google_project_iam_member.service_agents["cloudbuild"] will be created
  + resource "google_project_iam_member" "service_agents" {
      + etag    = (known after apply)
      + id      = (known after apply)
      + member  = (known after apply)
      + project = "rjh01-prod-iac-core-0"
      + role    = "roles/cloudbuild.serviceAgent"
    }

  # module.factory.module.projects["iac-0"].google_project_iam_member.service_agents["cloudbuild-sa"] will be created
  + resource "google_project_iam_member" "service_agents" {
      + etag    = (known after apply)
      + id      = (known after apply)
      + member  = (known after apply)
      + project = "rjh01-prod-iac-core-0"
      + role    = "roles/cloudbuild.builds.builder"
    }

  # module.factory.module.projects["iac-0"].google_project_iam_member.service_agents["cloudkms"] will be created
  + resource "google_project_iam_member" "service_agents" {
      + etag    = (known after apply)
      + id      = (known after apply)
      + member  = (known after apply)
      + project = "rjh01-prod-iac-core-0"
      + role    = "roles/cloudkms.serviceAgent"
    }

  # module.factory.module.projects["iac-0"].google_project_iam_member.service_agents["compute-system"] will be created
  + resource "google_project_iam_member" "service_agents" {
      + etag    = (known after apply)
      + id      = (known after apply)
      + member  = (known after apply)
      + project = "rjh01-prod-iac-core-0"
      + role    = "roles/compute.serviceAgent"
    }

  # module.factory.module.projects["iac-0"].google_project_iam_member.service_agents["container-engine-robot"] will be created
  + resource "google_project_iam_member" "service_agents" {
      + etag    = (known after apply)
      + id      = (known after apply)
      + member  = (known after apply)
      + project = "rjh01-prod-iac-core-0"
      + role    = "roles/container.serviceAgent"
    }

  # module.factory.module.projects["iac-0"].google_project_iam_member.service_agents["gkenode"] will be created
  + resource "google_project_iam_member" "service_agents" {
      + etag    = (known after apply)
      + id      = (known after apply)
      + member  = (known after apply)
      + project = "rjh01-prod-iac-core-0"
      + role    = "roles/container.defaultNodeServiceAgent"
    }

  # module.factory.module.projects["iac-0"].google_project_iam_member.service_agents["monitoring-notification"] will be created
  + resource "google_project_iam_member" "service_agents" {
      + etag    = (known after apply)
      + id      = (known after apply)
      + member  = (known after apply)
      + project = "rjh01-prod-iac-core-0"
      + role    = "roles/monitoring.notificationServiceAgent"
    }

  # module.factory.module.projects["iac-0"].google_project_iam_member.service_agents["pubsub"] will be created
  + resource "google_project_iam_member" "service_agents" {
      + etag    = (known after apply)
      + id      = (known after apply)
      + member  = (known after apply)
      + project = "rjh01-prod-iac-core-0"
      + role    = "roles/pubsub.serviceAgent"
    }

  # module.factory.module.projects["iac-0"].google_project_iam_member.service_agents["service-networking"] will be created
  + resource "google_project_iam_member" "service_agents" {
      + etag    = (known after apply)
      + id      = (known after apply)
      + member  = (known after apply)
      + project = "rjh01-prod-iac-core-0"
      + role    = "roles/servicenetworking.serviceAgent"
    }

  # module.factory.module.projects["iac-0"].google_project_service.org_policy_service[0] will be created
  + resource "google_project_service" "org_policy_service" {
      + disable_dependent_services = false
      + disable_on_destroy         = false
      + id                         = (known after apply)
      + project                    = "rjh01-prod-iac-core-0"
      + service                    = "orgpolicy.googleapis.com"
    }

  # module.factory.module.projects["iac-0"].google_project_service.project_services["accesscontextmanager.googleapis.com"] will be created
  + resource "google_project_service" "project_services" {
      + disable_dependent_services = false
      + disable_on_destroy         = false
      + id                         = (known after apply)
      + project                    = "rjh01-prod-iac-core-0"
      + service                    = "accesscontextmanager.googleapis.com"
    }

  # module.factory.module.projects["iac-0"].google_project_service.project_services["bigquery.googleapis.com"] will be created
  + resource "google_project_service" "project_services" {
      + disable_dependent_services = false
      + disable_on_destroy         = false
      + id                         = (known after apply)
      + project                    = "rjh01-prod-iac-core-0"
      + service                    = "bigquery.googleapis.com"
    }

  # module.factory.module.projects["iac-0"].google_project_service.project_services["bigqueryreservation.googleapis.com"] will be created
  + resource "google_project_service" "project_services" {
      + disable_dependent_services = false
      + disable_on_destroy         = false
      + id                         = (known after apply)
      + project                    = "rjh01-prod-iac-core-0"
      + service                    = "bigqueryreservation.googleapis.com"
    }

  # module.factory.module.projects["iac-0"].google_project_service.project_services["bigquerystorage.googleapis.com"] will be created
  + resource "google_project_service" "project_services" {
      + disable_dependent_services = false
      + disable_on_destroy         = false
      + id                         = (known after apply)
      + project                    = "rjh01-prod-iac-core-0"
      + service                    = "bigquerystorage.googleapis.com"
    }

  # module.factory.module.projects["iac-0"].google_project_service.project_services["billingbudgets.googleapis.com"] will be created
  + resource "google_project_service" "project_services" {
      + disable_dependent_services = false
      + disable_on_destroy         = false
      + id                         = (known after apply)
      + project                    = "rjh01-prod-iac-core-0"
      + service                    = "billingbudgets.googleapis.com"
    }

  # module.factory.module.projects["iac-0"].google_project_service.project_services["cloudasset.googleapis.com"] will be created
  + resource "google_project_service" "project_services" {
      + disable_dependent_services = false
      + disable_on_destroy         = false
      + id                         = (known after apply)
      + project                    = "rjh01-prod-iac-core-0"
      + service                    = "cloudasset.googleapis.com"
    }

  # module.factory.module.projects["iac-0"].google_project_service.project_services["cloudbilling.googleapis.com"] will be created
  + resource "google_project_service" "project_services" {
      + disable_dependent_services = false
      + disable_on_destroy         = false
      + id                         = (known after apply)
      + project                    = "rjh01-prod-iac-core-0"
      + service                    = "cloudbilling.googleapis.com"
    }

  # module.factory.module.projects["iac-0"].google_project_service.project_services["cloudbuild.googleapis.com"] will be created
  + resource "google_project_service" "project_services" {
      + disable_dependent_services = false
      + disable_on_destroy         = false
      + id                         = (known after apply)
      + project                    = "rjh01-prod-iac-core-0"
      + service                    = "cloudbuild.googleapis.com"
    }

  # module.factory.module.projects["iac-0"].google_project_service.project_services["cloudkms.googleapis.com"] will be created
  + resource "google_project_service" "project_services" {
      + disable_dependent_services = false
      + disable_on_destroy         = false
      + id                         = (known after apply)
      + project                    = "rjh01-prod-iac-core-0"
      + service                    = "cloudkms.googleapis.com"
    }

  # module.factory.module.projects["iac-0"].google_project_service.project_services["cloudquotas.googleapis.com"] will be created
  + resource "google_project_service" "project_services" {
      + disable_dependent_services = false
      + disable_on_destroy         = false
      + id                         = (known after apply)
      + project                    = "rjh01-prod-iac-core-0"
      + service                    = "cloudquotas.googleapis.com"
    }

  # module.factory.module.projects["iac-0"].google_project_service.project_services["cloudresourcemanager.googleapis.com"] will be created
  + resource "google_project_service" "project_services" {
      + disable_dependent_services = false
      + disable_on_destroy         = false
      + id                         = (known after apply)
      + project                    = "rjh01-prod-iac-core-0"
      + service                    = "cloudresourcemanager.googleapis.com"
    }

  # module.factory.module.projects["iac-0"].google_project_service.project_services["compute.googleapis.com"] will be created
  + resource "google_project_service" "project_services" {
      + disable_dependent_services = false
      + disable_on_destroy         = false
      + id                         = (known after apply)
      + project                    = "rjh01-prod-iac-core-0"
      + service                    = "compute.googleapis.com"
    }

  # module.factory.module.projects["iac-0"].google_project_service.project_services["container.googleapis.com"] will be created
  + resource "google_project_service" "project_services" {
      + disable_dependent_services = false
      + disable_on_destroy         = false
      + id                         = (known after apply)
      + project                    = "rjh01-prod-iac-core-0"
      + service                    = "container.googleapis.com"
    }

  # module.factory.module.projects["iac-0"].google_project_service.project_services["datacatalog.googleapis.com"] will be created
  + resource "google_project_service" "project_services" {
      + disable_dependent_services = false
      + disable_on_destroy         = false
      + id                         = (known after apply)
      + project                    = "rjh01-prod-iac-core-0"
      + service                    = "datacatalog.googleapis.com"
    }

  # module.factory.module.projects["iac-0"].google_project_service.project_services["essentialcontacts.googleapis.com"] will be created
  + resource "google_project_service" "project_services" {
      + disable_dependent_services = false
      + disable_on_destroy         = false
      + id                         = (known after apply)
      + project                    = "rjh01-prod-iac-core-0"
      + service                    = "essentialcontacts.googleapis.com"
    }

  # module.factory.module.projects["iac-0"].google_project_service.project_services["iam.googleapis.com"] will be created
  + resource "google_project_service" "project_services" {
      + disable_dependent_services = false
      + disable_on_destroy         = false
      + id                         = (known after apply)
      + project                    = "rjh01-prod-iac-core-0"
      + service                    = "iam.googleapis.com"
    }

  # module.factory.module.projects["iac-0"].google_project_service.project_services["iamcredentials.googleapis.com"] will be created
  + resource "google_project_service" "project_services" {
      + disable_dependent_services = false
      + disable_on_destroy         = false
      + id                         = (known after apply)
      + project                    = "rjh01-prod-iac-core-0"
      + service                    = "iamcredentials.googleapis.com"
    }

  # module.factory.module.projects["iac-0"].google_project_service.project_services["logging.googleapis.com"] will be created
  + resource "google_project_service" "project_services" {
      + disable_dependent_services = false
      + disable_on_destroy         = false
      + id                         = (known after apply)
      + project                    = "rjh01-prod-iac-core-0"
      + service                    = "logging.googleapis.com"
    }

  # module.factory.module.projects["iac-0"].google_project_service.project_services["monitoring.googleapis.com"] will be created
  + resource "google_project_service" "project_services" {
      + disable_dependent_services = false
      + disable_on_destroy         = false
      + id                         = (known after apply)
      + project                    = "rjh01-prod-iac-core-0"
      + service                    = "monitoring.googleapis.com"
    }

  # module.factory.module.projects["iac-0"].google_project_service.project_services["networksecurity.googleapis.com"] will be created
  + resource "google_project_service" "project_services" {
      + disable_dependent_services = false
      + disable_on_destroy         = false
      + id                         = (known after apply)
      + project                    = "rjh01-prod-iac-core-0"
      + service                    = "networksecurity.googleapis.com"
    }

  # module.factory.module.projects["iac-0"].google_project_service.project_services["pubsub.googleapis.com"] will be created
  + resource "google_project_service" "project_services" {
      + disable_dependent_services = false
      + disable_on_destroy         = false
      + id                         = (known after apply)
      + project                    = "rjh01-prod-iac-core-0"
      + service                    = "pubsub.googleapis.com"
    }

  # module.factory.module.projects["iac-0"].google_project_service.project_services["servicenetworking.googleapis.com"] will be created
  + resource "google_project_service" "project_services" {
      + disable_dependent_services = false
      + disable_on_destroy         = false
      + id                         = (known after apply)
      + project                    = "rjh01-prod-iac-core-0"
      + service                    = "servicenetworking.googleapis.com"
    }

  # module.factory.module.projects["iac-0"].google_project_service.project_services["serviceusage.googleapis.com"] will be created
  + resource "google_project_service" "project_services" {
      + disable_dependent_services = false
      + disable_on_destroy         = false
      + id                         = (known after apply)
      + project                    = "rjh01-prod-iac-core-0"
      + service                    = "serviceusage.googleapis.com"
    }

  # module.factory.module.projects["iac-0"].google_project_service.project_services["storage-component.googleapis.com"] will be created
  + resource "google_project_service" "project_services" {
      + disable_dependent_services = false
      + disable_on_destroy         = false
      + id                         = (known after apply)
      + project                    = "rjh01-prod-iac-core-0"
      + service                    = "storage-component.googleapis.com"
    }

  # module.factory.module.projects["iac-0"].google_project_service.project_services["storage.googleapis.com"] will be created
  + resource "google_project_service" "project_services" {
      + disable_dependent_services = false
      + disable_on_destroy         = false
      + id                         = (known after apply)
      + project                    = "rjh01-prod-iac-core-0"
      + service                    = "storage.googleapis.com"
    }

  # module.factory.module.projects["iac-0"].google_project_service.project_services["sts.googleapis.com"] will be created
  + resource "google_project_service" "project_services" {
      + disable_dependent_services = false
      + disable_on_destroy         = false
      + id                         = (known after apply)
      + project                    = "rjh01-prod-iac-core-0"
      + service                    = "sts.googleapis.com"
    }

  # module.factory.module.projects["iac-0"].google_project_service_identity.default["cloudasset.googleapis.com"] will be created
  + resource "google_project_service_identity" "default" {
      + email   = (known after apply)
      + id      = (known after apply)
      + member  = (known after apply)
      + project = "rjh01-prod-iac-core-0"
      + service = "cloudasset.googleapis.com"
    }

  # module.factory.module.projects["iac-0"].google_project_service_identity.default["cloudkms.googleapis.com"] will be created
  + resource "google_project_service_identity" "default" {
      + email   = (known after apply)
      + id      = (known after apply)
      + member  = (known after apply)
      + project = "rjh01-prod-iac-core-0"
      + service = "cloudkms.googleapis.com"
    }

  # module.factory.module.projects["iac-0"].google_project_service_identity.default["container.googleapis.com"] will be created
  + resource "google_project_service_identity" "default" {
      + email   = (known after apply)
      + id      = (known after apply)
      + member  = (known after apply)
      + project = "rjh01-prod-iac-core-0"
      + service = "container.googleapis.com"
    }

  # module.factory.module.projects["iac-0"].google_project_service_identity.default["monitoring.googleapis.com"] will be created
  + resource "google_project_service_identity" "default" {
      + email   = (known after apply)
      + id      = (known after apply)
      + member  = (known after apply)
      + project = "rjh01-prod-iac-core-0"
      + service = "monitoring.googleapis.com"
    }

  # module.factory.module.projects["iac-0"].google_project_service_identity.default["networksecurity.googleapis.com"] will be created
  + resource "google_project_service_identity" "default" {
      + email   = (known after apply)
      + id      = (known after apply)
      + member  = (known after apply)
      + project = "rjh01-prod-iac-core-0"
      + service = "networksecurity.googleapis.com"
    }

  # module.factory.module.projects["iac-0"].google_project_service_identity.default["pubsub.googleapis.com"] will be created
  + resource "google_project_service_identity" "default" {
      + email   = (known after apply)
      + id      = (known after apply)
      + member  = (known after apply)
      + project = "rjh01-prod-iac-core-0"
      + service = "pubsub.googleapis.com"
    }

  # module.factory.module.projects["iac-0"].google_project_service_identity.default["servicenetworking.googleapis.com"] will be created
  + resource "google_project_service_identity" "default" {
      + email   = (known after apply)
      + id      = (known after apply)
      + member  = (known after apply)
      + project = "rjh01-prod-iac-core-0"
      + service = "servicenetworking.googleapis.com"
    }

  # module.factory.module.projects["log-0"].data.google_logging_project_settings.logging_sa[0] will be read during apply
  # (depends on a resource or a module with changes pending)
 <= data "google_logging_project_settings" "logging_sa" {
      + disable_default_sink       = (known after apply)
      + id                         = (known after apply)
      + kms_key_name               = (known after apply)
      + kms_service_account_id     = (known after apply)
      + logging_service_account_id = (known after apply)
      + name                       = (known after apply)
      + project                    = "rjh01-prod-audit-logs-0"
      + storage_location           = (known after apply)
    }

  # module.factory.module.projects["log-0"].data.google_storage_project_service_account.gcs_sa[0] will be read during apply
  # (depends on a resource or a module with changes pending)
 <= data "google_storage_project_service_account" "gcs_sa" {
      + email_address = (known after apply)
      + id            = (known after apply)
      + member        = (known after apply)
      + project       = "rjh01-prod-audit-logs-0"
    }

  # module.factory.module.projects["log-0"].google_project.project[0] will be created
  + resource "google_project" "project" {
      + auto_create_network = false
      + billing_account     = "01A7DC-5ED07C-6DF697"
      + deletion_policy     = "DELETE"
      + effective_labels    = {
          + "goog-terraform-provisioned" = "true"
        }
      + id                  = (known after apply)
      + name                = "rjh01-prod-audit-logs-0"
      + number              = (known after apply)
      + org_id              = "845016637229"
      + project_id          = "rjh01-prod-audit-logs-0"
      + terraform_labels    = {
          + "goog-terraform-provisioned" = "true"
        }
    }

  # module.factory.module.projects["log-0"].google_project_iam_member.service_agents["pubsub"] will be created
  + resource "google_project_iam_member" "service_agents" {
      + etag    = (known after apply)
      + id      = (known after apply)
      + member  = (known after apply)
      + project = "rjh01-prod-audit-logs-0"
      + role    = "roles/pubsub.serviceAgent"
    }

  # module.factory.module.projects["log-0"].google_project_service.project_services["logging.googleapis.com"] will be created
  + resource "google_project_service" "project_services" {
      + disable_dependent_services = false
      + disable_on_destroy         = false
      + id                         = (known after apply)
      + project                    = "rjh01-prod-audit-logs-0"
      + service                    = "logging.googleapis.com"
    }

  # module.factory.module.projects["log-0"].google_project_service.project_services["pubsub.googleapis.com"] will be created
  + resource "google_project_service" "project_services" {
      + disable_dependent_services = false
      + disable_on_destroy         = false
      + id                         = (known after apply)
      + project                    = "rjh01-prod-audit-logs-0"
      + service                    = "pubsub.googleapis.com"
    }

  # module.factory.module.projects["log-0"].google_project_service.project_services["storage.googleapis.com"] will be created
  + resource "google_project_service" "project_services" {
      + disable_dependent_services = false
      + disable_on_destroy         = false
      + id                         = (known after apply)
      + project                    = "rjh01-prod-audit-logs-0"
      + service                    = "storage.googleapis.com"
    }

  # module.factory.module.projects["log-0"].google_project_service_identity.default["pubsub.googleapis.com"] will be created
  + resource "google_project_service_identity" "default" {
      + email   = (known after apply)
      + id      = (known after apply)
      + member  = (known after apply)
      + project = "rjh01-prod-audit-logs-0"
      + service = "pubsub.googleapis.com"
    }

  # module.factory.module.projects-iam["billing-0"].google_project_iam_binding.authoritative["roles/owner"] will be created
  + resource "google_project_iam_binding" "authoritative" {
      + etag    = (known after apply)
      + id      = (known after apply)
      + members = (known after apply)
      + project = "rjh01-prod-billing-exp-0"
      + role    = "roles/owner"
    }

  # module.factory.module.projects-iam["billing-0"].google_project_iam_binding.authoritative["roles/viewer"] will be created
  + resource "google_project_iam_binding" "authoritative" {
      + etag    = (known after apply)
      + id      = (known after apply)
      + members = (known after apply)
      + project = "rjh01-prod-billing-exp-0"
      + role    = "roles/viewer"
    }

  # module.factory.module.projects-iam["iac-0"].google_project_iam_audit_config.default["storage.googleapis.com"] will be created
  + resource "google_project_iam_audit_config" "default" {
      + etag    = (known after apply)
      + id      = (known after apply)
      + project = "rjh01-prod-iac-core-0"
      + service = "storage.googleapis.com"

      + audit_log_config {
          + exempted_members = []
          + log_type         = "DATA_READ"
        }
      + audit_log_config {
          + exempted_members = []
          + log_type         = "DATA_WRITE"
        }
    }

  # module.factory.module.projects-iam["iac-0"].google_project_iam_audit_config.default["sts.googleapis.com"] will be created
  + resource "google_project_iam_audit_config" "default" {
      + etag    = (known after apply)
      + id      = (known after apply)
      + project = "rjh01-prod-iac-core-0"
      + service = "sts.googleapis.com"

      + audit_log_config {
          + exempted_members = []
          + log_type         = "DATA_READ"
        }
      + audit_log_config {
          + exempted_members = []
          + log_type         = "DATA_WRITE"
        }
    }

  # module.factory.module.projects-iam["iac-0"].google_project_iam_binding.authoritative["$custom_roles:storage_viewer"] will be created
  + resource "google_project_iam_binding" "authoritative" {
      + etag    = (known after apply)
      + id      = (known after apply)
      + members = (known after apply)
      + project = "rjh01-prod-iac-core-0"
      + role    = "organizations/845016637229/roles/storageViewer"
    }

  # module.factory.module.projects-iam["iac-0"].google_project_iam_binding.authoritative["roles/browser"] will be created
  + resource "google_project_iam_binding" "authoritative" {
      + etag    = (known after apply)
      + id      = (known after apply)
      + members = (known after apply)
      + project = "rjh01-prod-iac-core-0"
      + role    = "roles/browser"
    }

  # module.factory.module.projects-iam["iac-0"].google_project_iam_binding.authoritative["roles/cloudbuild.builds.editor"] will be created
  + resource "google_project_iam_binding" "authoritative" {
      + etag    = (known after apply)
      + id      = (known after apply)
      + members = (known after apply)
      + project = "rjh01-prod-iac-core-0"
      + role    = "roles/cloudbuild.builds.editor"
    }

  # module.factory.module.projects-iam["iac-0"].google_project_iam_binding.authoritative["roles/cloudbuild.builds.viewer"] will be created
  + resource "google_project_iam_binding" "authoritative" {
      + etag    = (known after apply)
      + id      = (known after apply)
      + members = (known after apply)
      + project = "rjh01-prod-iac-core-0"
      + role    = "roles/cloudbuild.builds.viewer"
    }

  # module.factory.module.projects-iam["iac-0"].google_project_iam_binding.authoritative["roles/iam.serviceAccountAdmin"] will be created
  + resource "google_project_iam_binding" "authoritative" {
      + etag    = (known after apply)
      + id      = (known after apply)
      + members = (known after apply)
      + project = "rjh01-prod-iac-core-0"
      + role    = "roles/iam.serviceAccountAdmin"
    }

  # module.factory.module.projects-iam["iac-0"].google_project_iam_binding.authoritative["roles/iam.serviceAccountTokenCreator"] will be created
  + resource "google_project_iam_binding" "authoritative" {
      + etag    = (known after apply)
      + id      = (known after apply)
      + members = (known after apply)
      + project = "rjh01-prod-iac-core-0"
      + role    = "roles/iam.serviceAccountTokenCreator"
    }

  # module.factory.module.projects-iam["iac-0"].google_project_iam_binding.authoritative["roles/iam.serviceAccountViewer"] will be created
  + resource "google_project_iam_binding" "authoritative" {
      + etag    = (known after apply)
      + id      = (known after apply)
      + members = (known after apply)
      + project = "rjh01-prod-iac-core-0"
      + role    = "roles/iam.serviceAccountViewer"
    }

  # module.factory.module.projects-iam["iac-0"].google_project_iam_binding.authoritative["roles/iam.workloadIdentityPoolAdmin"] will be created
  + resource "google_project_iam_binding" "authoritative" {
      + etag    = (known after apply)
      + id      = (known after apply)
      + members = (known after apply)
      + project = "rjh01-prod-iac-core-0"
      + role    = "roles/iam.workloadIdentityPoolAdmin"
    }

  # module.factory.module.projects-iam["iac-0"].google_project_iam_binding.authoritative["roles/iam.workloadIdentityPoolViewer"] will be created
  + resource "google_project_iam_binding" "authoritative" {
      + etag    = (known after apply)
      + id      = (known after apply)
      + members = (known after apply)
      + project = "rjh01-prod-iac-core-0"
      + role    = "roles/iam.workloadIdentityPoolViewer"
    }

  # module.factory.module.projects-iam["iac-0"].google_project_iam_binding.authoritative["roles/owner"] will be created
  + resource "google_project_iam_binding" "authoritative" {
      + etag    = (known after apply)
      + id      = (known after apply)
      + members = (known after apply)
      + project = "rjh01-prod-iac-core-0"
      + role    = "roles/owner"
    }

  # module.factory.module.projects-iam["iac-0"].google_project_iam_binding.authoritative["roles/serviceusage.serviceUsageConsumer"] will be created
  + resource "google_project_iam_binding" "authoritative" {
      + etag    = (known after apply)
      + id      = (known after apply)
      + members = (known after apply)
      + project = "rjh01-prod-iac-core-0"
      + role    = "roles/serviceusage.serviceUsageConsumer"
    }

  # module.factory.module.projects-iam["iac-0"].google_project_iam_binding.authoritative["roles/storage.admin"] will be created
  + resource "google_project_iam_binding" "authoritative" {
      + etag    = (known after apply)
      + id      = (known after apply)
      + members = (known after apply)
      + project = "rjh01-prod-iac-core-0"
      + role    = "roles/storage.admin"
    }

  # module.factory.module.projects-iam["iac-0"].google_project_iam_binding.authoritative["roles/viewer"] will be created
  + resource "google_project_iam_binding" "authoritative" {
      + etag    = (known after apply)
      + id      = (known after apply)
      + members = (known after apply)
      + project = "rjh01-prod-iac-core-0"
      + role    = "roles/viewer"
    }

  # module.factory.module.projects-iam["log-0"].google_project_iam_binding.authoritative["roles/owner"] will be created
  + resource "google_project_iam_binding" "authoritative" {
      + etag    = (known after apply)
      + id      = (known after apply)
      + members = (known after apply)
      + project = "rjh01-prod-audit-logs-0"
      + role    = "roles/owner"
    }

  # module.factory.module.projects-iam["log-0"].google_project_iam_binding.authoritative["roles/viewer"] will be created
  + resource "google_project_iam_binding" "authoritative" {
      + etag    = (known after apply)
      + id      = (known after apply)
      + members = (known after apply)
      + project = "rjh01-prod-audit-logs-0"
      + role    = "roles/viewer"
    }

  # module.factory.module.service-accounts["iac-0/iac-dp-dev-ro"].google_service_account.service_account[0] will be created
  + resource "google_service_account" "service_account" {
      + account_id   = "iac-dp-dev-ro"
      + disabled     = false
      + display_name = "IaC service account for data platform dev (read-only)."
      + email        = "iac-dp-dev-ro@rjh01-prod-iac-core-0.iam.gserviceaccount.com"
      + id           = (known after apply)
      + member       = "serviceAccount:iac-dp-dev-ro@rjh01-prod-iac-core-0.iam.gserviceaccount.com"
      + name         = (known after apply)
      + project      = "rjh01-prod-iac-core-0"
      + unique_id    = (known after apply)
    }

  # module.factory.module.service-accounts["iac-0/iac-dp-dev-rw"].google_service_account.service_account[0] will be created
  + resource "google_service_account" "service_account" {
      + account_id   = "iac-dp-dev-rw"
      + disabled     = false
      + display_name = "IaC service account for data platform dev (read-write)."
      + email        = "iac-dp-dev-rw@rjh01-prod-iac-core-0.iam.gserviceaccount.com"
      + id           = (known after apply)
      + member       = "serviceAccount:iac-dp-dev-rw@rjh01-prod-iac-core-0.iam.gserviceaccount.com"
      + name         = (known after apply)
      + project      = "rjh01-prod-iac-core-0"
      + unique_id    = (known after apply)
    }

  # module.factory.module.service-accounts["iac-0/iac-networking-ro"].google_service_account.service_account[0] will be created
  + resource "google_service_account" "service_account" {
      + account_id   = "iac-networking-ro"
      + disabled     = false
      + display_name = "IaC service account for networking (read-only)."
      + email        = "iac-networking-ro@rjh01-prod-iac-core-0.iam.gserviceaccount.com"
      + id           = (known after apply)
      + member       = "serviceAccount:iac-networking-ro@rjh01-prod-iac-core-0.iam.gserviceaccount.com"
      + name         = (known after apply)
      + project      = "rjh01-prod-iac-core-0"
      + unique_id    = (known after apply)
    }

  # module.factory.module.service-accounts["iac-0/iac-networking-rw"].google_service_account.service_account[0] will be created
  + resource "google_service_account" "service_account" {
      + account_id   = "iac-networking-rw"
      + disabled     = false
      + display_name = "IaC service account for networking (read-write)."
      + email        = "iac-networking-rw@rjh01-prod-iac-core-0.iam.gserviceaccount.com"
      + id           = (known after apply)
      + member       = "serviceAccount:iac-networking-rw@rjh01-prod-iac-core-0.iam.gserviceaccount.com"
      + name         = (known after apply)
      + project      = "rjh01-prod-iac-core-0"
      + unique_id    = (known after apply)
    }

  # module.factory.module.service-accounts["iac-0/iac-org-cicd-ro"].google_service_account.service_account[0] will be created
  + resource "google_service_account" "service_account" {
      + account_id   = "iac-org-cicd-ro"
      + disabled     = false
      + display_name = "IaC service account for org setup CI/CD (read-only)."
      + email        = "iac-org-cicd-ro@rjh01-prod-iac-core-0.iam.gserviceaccount.com"
      + id           = (known after apply)
      + member       = "serviceAccount:iac-org-cicd-ro@rjh01-prod-iac-core-0.iam.gserviceaccount.com"
      + name         = (known after apply)
      + project      = "rjh01-prod-iac-core-0"
      + unique_id    = (known after apply)
    }

  # module.factory.module.service-accounts["iac-0/iac-org-cicd-rw"].google_service_account.service_account[0] will be created
  + resource "google_service_account" "service_account" {
      + account_id   = "iac-org-cicd-rw"
      + disabled     = false
      + display_name = "IaC service account for org setup CI/CD (read-write)."
      + email        = "iac-org-cicd-rw@rjh01-prod-iac-core-0.iam.gserviceaccount.com"
      + id           = (known after apply)
      + member       = "serviceAccount:iac-org-cicd-rw@rjh01-prod-iac-core-0.iam.gserviceaccount.com"
      + name         = (known after apply)
      + project      = "rjh01-prod-iac-core-0"
      + unique_id    = (known after apply)
    }

  # module.factory.module.service-accounts["iac-0/iac-org-ro"].google_service_account.service_account[0] will be created
  + resource "google_service_account" "service_account" {
      + account_id   = "iac-org-ro"
      + disabled     = false
      + display_name = "IaC service account for org setup (read-only)."
      + email        = "iac-org-ro@rjh01-prod-iac-core-0.iam.gserviceaccount.com"
      + id           = (known after apply)
      + member       = "serviceAccount:iac-org-ro@rjh01-prod-iac-core-0.iam.gserviceaccount.com"
      + name         = (known after apply)
      + project      = "rjh01-prod-iac-core-0"
      + unique_id    = (known after apply)
    }

  # module.factory.module.service-accounts["iac-0/iac-org-rw"].google_service_account.service_account[0] will be created
  + resource "google_service_account" "service_account" {
      + account_id   = "iac-org-rw"
      + disabled     = false
      + display_name = "IaC service account for org setup (read-write)."
      + email        = "iac-org-rw@rjh01-prod-iac-core-0.iam.gserviceaccount.com"
      + id           = (known after apply)
      + member       = "serviceAccount:iac-org-rw@rjh01-prod-iac-core-0.iam.gserviceaccount.com"
      + name         = (known after apply)
      + project      = "rjh01-prod-iac-core-0"
      + unique_id    = (known after apply)
    }

  # module.factory.module.service-accounts["iac-0/iac-pf-ro"].google_service_account.service_account[0] will be created
  + resource "google_service_account" "service_account" {
      + account_id   = "iac-pf-ro"
      + disabled     = false
      + display_name = "IaC service account for project factory (read-only)."
      + email        = "iac-pf-ro@rjh01-prod-iac-core-0.iam.gserviceaccount.com"
      + id           = (known after apply)
      + member       = "serviceAccount:iac-pf-ro@rjh01-prod-iac-core-0.iam.gserviceaccount.com"
      + name         = (known after apply)
      + project      = "rjh01-prod-iac-core-0"
      + unique_id    = (known after apply)
    }

  # module.factory.module.service-accounts["iac-0/iac-pf-rw"].google_service_account.service_account[0] will be created
  + resource "google_service_account" "service_account" {
      + account_id   = "iac-pf-rw"
      + disabled     = false
      + display_name = "IaC service account for project factory (read-write)."
      + email        = "iac-pf-rw@rjh01-prod-iac-core-0.iam.gserviceaccount.com"
      + id           = (known after apply)
      + member       = "serviceAccount:iac-pf-rw@rjh01-prod-iac-core-0.iam.gserviceaccount.com"
      + name         = (known after apply)
      + project      = "rjh01-prod-iac-core-0"
      + unique_id    = (known after apply)
    }

  # module.factory.module.service-accounts["iac-0/iac-security-ro"].google_service_account.service_account[0] will be created
  + resource "google_service_account" "service_account" {
      + account_id   = "iac-security-ro"
      + disabled     = false
      + display_name = "IaC service account for security (read-only)."
      + email        = "iac-security-ro@rjh01-prod-iac-core-0.iam.gserviceaccount.com"
      + id           = (known after apply)
      + member       = "serviceAccount:iac-security-ro@rjh01-prod-iac-core-0.iam.gserviceaccount.com"
      + name         = (known after apply)
      + project      = "rjh01-prod-iac-core-0"
      + unique_id    = (known after apply)
    }

  # module.factory.module.service-accounts["iac-0/iac-security-rw"].google_service_account.service_account[0] will be created
  + resource "google_service_account" "service_account" {
      + account_id   = "iac-security-rw"
      + disabled     = false
      + display_name = "IaC service account for security (read-write)."
      + email        = "iac-security-rw@rjh01-prod-iac-core-0.iam.gserviceaccount.com"
      + id           = (known after apply)
      + member       = "serviceAccount:iac-security-rw@rjh01-prod-iac-core-0.iam.gserviceaccount.com"
      + name         = (known after apply)
      + project      = "rjh01-prod-iac-core-0"
      + unique_id    = (known after apply)
    }

  # module.factory.module.service-accounts["iac-0/iac-vpcsc-ro"].google_service_account.service_account[0] will be created
  + resource "google_service_account" "service_account" {
      + account_id   = "iac-vpcsc-ro"
      + disabled     = false
      + display_name = "IaC service account for VPC service controls (read-only)."
      + email        = "iac-vpcsc-ro@rjh01-prod-iac-core-0.iam.gserviceaccount.com"
      + id           = (known after apply)
      + member       = "serviceAccount:iac-vpcsc-ro@rjh01-prod-iac-core-0.iam.gserviceaccount.com"
      + name         = (known after apply)
      + project      = "rjh01-prod-iac-core-0"
      + unique_id    = (known after apply)
    }

  # module.factory.module.service-accounts["iac-0/iac-vpcsc-rw"].google_service_account.service_account[0] will be created
  + resource "google_service_account" "service_account" {
      + account_id   = "iac-vpcsc-rw"
      + disabled     = false
      + display_name = "IaC service account for VPC service controls (read-write)."
      + email        = "iac-vpcsc-rw@rjh01-prod-iac-core-0.iam.gserviceaccount.com"
      + id           = (known after apply)
      + member       = "serviceAccount:iac-vpcsc-rw@rjh01-prod-iac-core-0.iam.gserviceaccount.com"
      + name         = (known after apply)
      + project      = "rjh01-prod-iac-core-0"
      + unique_id    = (known after apply)
    }

  # module.factory.module.service_accounts-iam["iac-0/iac-org-cicd-ro"].google_service_account_iam_member.additive["$service_account_ids:iac-0/iac-org-ro-roles/iam.serviceAccountTokenCreator"] will be created
  + resource "google_service_account_iam_member" "additive" {
      + etag               = (known after apply)
      + id                 = (known after apply)
      + member             = (known after apply)
      + role               = "roles/iam.serviceAccountTokenCreator"
      + service_account_id = "projects/rjh01-prod-iac-core-0/serviceAccounts/iac-org-ro@rjh01-prod-iac-core-0.iam.gserviceaccount.com"
    }

  # module.factory.module.service_accounts-iam["iac-0/iac-org-cicd-ro"].google_service_account_iam_member.additive["$service_account_ids:iac-0/iac-org-ro-roles/iam.workloadIdentityUser"] will be created
  + resource "google_service_account_iam_member" "additive" {
      + etag               = (known after apply)
      + id                 = (known after apply)
      + member             = (known after apply)
      + role               = "roles/iam.workloadIdentityUser"
      + service_account_id = "projects/rjh01-prod-iac-core-0/serviceAccounts/iac-org-ro@rjh01-prod-iac-core-0.iam.gserviceaccount.com"
    }

  # module.factory.module.service_accounts-iam["iac-0/iac-org-cicd-rw"].google_service_account_iam_member.additive["$service_account_ids:iac-0/iac-org-rw-roles/iam.serviceAccountTokenCreator"] will be created
  + resource "google_service_account_iam_member" "additive" {
      + etag               = (known after apply)
      + id                 = (known after apply)
      + member             = (known after apply)
      + role               = "roles/iam.serviceAccountTokenCreator"
      + service_account_id = "projects/rjh01-prod-iac-core-0/serviceAccounts/iac-org-rw@rjh01-prod-iac-core-0.iam.gserviceaccount.com"
    }

  # module.factory.module.service_accounts-iam["iac-0/iac-org-cicd-rw"].google_service_account_iam_member.additive["$service_account_ids:iac-0/iac-org-rw-roles/iam.workloadIdentityUser"] will be created
  + resource "google_service_account_iam_member" "additive" {
      + etag               = (known after apply)
      + id                 = (known after apply)
      + member             = (known after apply)
      + role               = "roles/iam.workloadIdentityUser"
      + service_account_id = "projects/rjh01-prod-iac-core-0/serviceAccounts/iac-org-rw@rjh01-prod-iac-core-0.iam.gserviceaccount.com"
    }

Plan: 317 to add, 0 to change, 0 to destroy.

Changes to Outputs:
  + iam_principals = {
      + domain                  = "domain:mariannhart.co.uk"
      + gcp-billing-admins      = "group:gcp-billing-admins@mariannhart.co.uk"
      + gcp-devops              = "group:gcp-devops@mariannhart.co.uk"
      + gcp-network-admins      = "group:gcp-network-admins@mariannhart.co.uk"
      + gcp-organization-admins = "group:gcp-organization-admins@mariannhart.co.uk"
      + gcp-secops-admins       = "group:gcp-secops-admins@mariannhart.co.uk"
      + gcp-security-admins     = "group:gcp-security-admins@mariannhart.co.uk"
      + gcp-support             = "group:gcp-support@mariannhart.co.uk"
    }
  + projects       = {
      + billing-0 = {
          + automation                  = {
              + bucket           = null
              + service_accounts = {}
            }
          + kms_keys                    = {}
          + log_buckets                 = {}
          + number                      = (known after apply)
          + project_id                  = "rjh01-prod-billing-exp-0"
          + pubsub_topics               = {}
          + service_accounts            = {}
          + storage_buckets             = {}
          + workload_identity_pools     = {}
          + workload_identity_providers = {}
        }
      + iac-0     = {
          + automation                  = {
              + bucket           = null
              + service_accounts = {}
            }
          + kms_keys                    = {}
          + log_buckets                 = {}
          + number                      = (known after apply)
          + project_id                  = "rjh01-prod-iac-core-0"
          + pubsub_topics               = {}
          + service_accounts            = {
              + "iac-0/iac-dp-dev-ro"     = {
                  + email     = "iac-dp-dev-ro@rjh01-prod-iac-core-0.iam.gserviceaccount.com"
                  + iam_email = "serviceAccount:iac-dp-dev-ro@rjh01-prod-iac-core-0.iam.gserviceaccount.com"
                  + id        = "projects/rjh01-prod-iac-core-0/serviceAccounts/iac-dp-dev-ro@rjh01-prod-iac-core-0.iam.gserviceaccount.com"
                }
              + "iac-0/iac-dp-dev-rw"     = {
                  + email     = "iac-dp-dev-rw@rjh01-prod-iac-core-0.iam.gserviceaccount.com"
                  + iam_email = "serviceAccount:iac-dp-dev-rw@rjh01-prod-iac-core-0.iam.gserviceaccount.com"
                  + id        = "projects/rjh01-prod-iac-core-0/serviceAccounts/iac-dp-dev-rw@rjh01-prod-iac-core-0.iam.gserviceaccount.com"
                }
              + "iac-0/iac-networking-ro" = {
                  + email     = "iac-networking-ro@rjh01-prod-iac-core-0.iam.gserviceaccount.com"
                  + iam_email = "serviceAccount:iac-networking-ro@rjh01-prod-iac-core-0.iam.gserviceaccount.com"
                  + id        = "projects/rjh01-prod-iac-core-0/serviceAccounts/iac-networking-ro@rjh01-prod-iac-core-0.iam.gserviceaccount.com"
                }
              + "iac-0/iac-networking-rw" = {
                  + email     = "iac-networking-rw@rjh01-prod-iac-core-0.iam.gserviceaccount.com"
                  + iam_email = "serviceAccount:iac-networking-rw@rjh01-prod-iac-core-0.iam.gserviceaccount.com"
                  + id        = "projects/rjh01-prod-iac-core-0/serviceAccounts/iac-networking-rw@rjh01-prod-iac-core-0.iam.gserviceaccount.com"
                }
              + "iac-0/iac-org-cicd-ro"   = {
                  + email     = "iac-org-cicd-ro@rjh01-prod-iac-core-0.iam.gserviceaccount.com"
                  + iam_email = "serviceAccount:iac-org-cicd-ro@rjh01-prod-iac-core-0.iam.gserviceaccount.com"
                  + id        = "projects/rjh01-prod-iac-core-0/serviceAccounts/iac-org-cicd-ro@rjh01-prod-iac-core-0.iam.gserviceaccount.com"
                }
              + "iac-0/iac-org-cicd-rw"   = {
                  + email     = "iac-org-cicd-rw@rjh01-prod-iac-core-0.iam.gserviceaccount.com"
                  + iam_email = "serviceAccount:iac-org-cicd-rw@rjh01-prod-iac-core-0.iam.gserviceaccount.com"
                  + id        = "projects/rjh01-prod-iac-core-0/serviceAccounts/iac-org-cicd-rw@rjh01-prod-iac-core-0.iam.gserviceaccount.com"
                }
              + "iac-0/iac-org-ro"        = {
                  + email     = "iac-org-ro@rjh01-prod-iac-core-0.iam.gserviceaccount.com"
                  + iam_email = "serviceAccount:iac-org-ro@rjh01-prod-iac-core-0.iam.gserviceaccount.com"
                  + id        = "projects/rjh01-prod-iac-core-0/serviceAccounts/iac-org-ro@rjh01-prod-iac-core-0.iam.gserviceaccount.com"
                }
              + "iac-0/iac-org-rw"        = {
                  + email     = "iac-org-rw@rjh01-prod-iac-core-0.iam.gserviceaccount.com"
                  + iam_email = "serviceAccount:iac-org-rw@rjh01-prod-iac-core-0.iam.gserviceaccount.com"
                  + id        = "projects/rjh01-prod-iac-core-0/serviceAccounts/iac-org-rw@rjh01-prod-iac-core-0.iam.gserviceaccount.com"
                }
              + "iac-0/iac-pf-ro"         = {
                  + email     = "iac-pf-ro@rjh01-prod-iac-core-0.iam.gserviceaccount.com"
                  + iam_email = "serviceAccount:iac-pf-ro@rjh01-prod-iac-core-0.iam.gserviceaccount.com"
                  + id        = "projects/rjh01-prod-iac-core-0/serviceAccounts/iac-pf-ro@rjh01-prod-iac-core-0.iam.gserviceaccount.com"
                }
              + "iac-0/iac-pf-rw"         = {
                  + email     = "iac-pf-rw@rjh01-prod-iac-core-0.iam.gserviceaccount.com"
                  + iam_email = "serviceAccount:iac-pf-rw@rjh01-prod-iac-core-0.iam.gserviceaccount.com"
                  + id        = "projects/rjh01-prod-iac-core-0/serviceAccounts/iac-pf-rw@rjh01-prod-iac-core-0.iam.gserviceaccount.com"
                }
              + "iac-0/iac-security-ro"   = {
                  + email     = "iac-security-ro@rjh01-prod-iac-core-0.iam.gserviceaccount.com"
                  + iam_email = "serviceAccount:iac-security-ro@rjh01-prod-iac-core-0.iam.gserviceaccount.com"
                  + id        = "projects/rjh01-prod-iac-core-0/serviceAccounts/iac-security-ro@rjh01-prod-iac-core-0.iam.gserviceaccount.com"
                }
              + "iac-0/iac-security-rw"   = {
                  + email     = "iac-security-rw@rjh01-prod-iac-core-0.iam.gserviceaccount.com"
                  + iam_email = "serviceAccount:iac-security-rw@rjh01-prod-iac-core-0.iam.gserviceaccount.com"
                  + id        = "projects/rjh01-prod-iac-core-0/serviceAccounts/iac-security-rw@rjh01-prod-iac-core-0.iam.gserviceaccount.com"
                }
              + "iac-0/iac-vpcsc-ro"      = {
                  + email     = "iac-vpcsc-ro@rjh01-prod-iac-core-0.iam.gserviceaccount.com"
                  + iam_email = "serviceAccount:iac-vpcsc-ro@rjh01-prod-iac-core-0.iam.gserviceaccount.com"
                  + id        = "projects/rjh01-prod-iac-core-0/serviceAccounts/iac-vpcsc-ro@rjh01-prod-iac-core-0.iam.gserviceaccount.com"
                }
              + "iac-0/iac-vpcsc-rw"      = {
                  + email     = "iac-vpcsc-rw@rjh01-prod-iac-core-0.iam.gserviceaccount.com"
                  + iam_email = "serviceAccount:iac-vpcsc-rw@rjh01-prod-iac-core-0.iam.gserviceaccount.com"
                  + id        = "projects/rjh01-prod-iac-core-0/serviceAccounts/iac-vpcsc-rw@rjh01-prod-iac-core-0.iam.gserviceaccount.com"
                }
            }
          + storage_buckets             = {
              + "iac-0/iac-org-state"   = "rjh01-prod-iac-core-0-iac-org-state"
              + "iac-0/iac-outputs"     = "rjh01-prod-iac-core-0-iac-outputs"
              + "iac-0/iac-stage-state" = "rjh01-prod-iac-core-0-iac-stage-state"
            }
          + workload_identity_pools     = {}
          + workload_identity_providers = {}
        }
      + log-0     = {
          + automation                  = {
              + bucket           = null
              + service_accounts = {}
            }
          + kms_keys                    = {}
          + log_buckets                 = {
              + "log-0/audit-logs" = (known after apply)
              + "log-0/iam"        = (known after apply)
              + "log-0/vpc-sc"     = (known after apply)
            }
          + number                      = (known after apply)
          + project_id                  = "rjh01-prod-audit-logs-0"
          + pubsub_topics               = {}
          + service_accounts            = {}
          + storage_buckets             = {}
          + workload_identity_pools     = {}
          + workload_identity_providers = {}
        }
    }
  + tfvars         = (sensitive value)
